// !$*UTF8*$!
{
	archiveVersion = 1;
	classes = {
	};
	objectVersion = 56;
	objects = {

/* Begin PBXBuildFile section */
		AA000001 /* LowDopamineLabyrinthApp.swift in Sources */ = {isa = PBXBuildFile; fileRef = AB000001 /* LowDopamineLabyrinthApp.swift */; };
		AA000002 /* ContentView.swift in Sources */ = {isa = PBXBuildFile; fileRef = AB000002 /* ContentView.swift */; };
		AA000003 /* Assets.xcassets in Resources */ = {isa = PBXBuildFile; fileRef = AB000003 /* Assets.xcassets */; };
		AA000004 /* Labyrinth.swift in Sources */ = {isa = PBXBuildFile; fileRef = AB000004 /* Labyrinth.swift */; };
		AA000005 /* UserPreferences.swift in Sources */ = {isa = PBXBuildFile; fileRef = AB000005 /* UserPreferences.swift */; };
		AA000006 /* SVGPathParser.swift in Sources */ = {isa = PBXBuildFile; fileRef = AB000006 /* SVGPathParser.swift */; };
		AA000007 /* LabyrinthLoader.swift in Sources */ = {isa = PBXBuildFile; fileRef = AB000007 /* LabyrinthLoader.swift */; };
		AA000008 /* TTSService.swift in Sources */ = {isa = PBXBuildFile; fileRef = AB000008 /* TTSService.swift */; };
		AA000009 /* DrawingValidator.swift in Sources */ = {isa = PBXBuildFile; fileRef = AB000009 /* DrawingValidator.swift */; };
		AA000010 /* ProgressTracker.swift in Sources */ = {isa = PBXBuildFile; fileRef = AB000010 /* ProgressTracker.swift */; };
		AA000011 /* LabyrinthViewModel.swift in Sources */ = {isa = PBXBuildFile; fileRef = AB000011 /* LabyrinthViewModel.swift */; };
		AA000012 /* GameViewModel.swift in Sources */ = {isa = PBXBuildFile; fileRef = AB000012 /* GameViewModel.swift */; };
		AA000013 /* OnboardingView.swift in Sources */ = {isa = PBXBuildFile; fileRef = AB000013 /* OnboardingView.swift */; };
		AA000014 /* LabyrinthListView.swift in Sources */ = {isa = PBXBuildFile; fileRef = AB000014 /* LabyrinthListView.swift */; };
		AA000015 /* DrawingCanvas.swift in Sources */ = {isa = PBXBuildFile; fileRef = AB000015 /* DrawingCanvas.swift */; };
		AA000016 /* CompletionView.swift in Sources */ = {isa = PBXBuildFile; fileRef = AB000016 /* CompletionView.swift */; };
		AA000017 /* PaywallView.swift in Sources */ = {isa = PBXBuildFile; fileRef = AB000017 /* PaywallView.swift */; };
		AA000018 /* SubscriptionManager.swift in Sources */ = {isa = PBXBuildFile; fileRef = AB000018 /* SubscriptionManager.swift */; };
		AA000019 /* NavigationControls.swift in Sources */ = {isa = PBXBuildFile; fileRef = AB000019 /* NavigationControls.swift */; };
		AA000020 /* LabyrinthGameView.swift in Sources */ = {isa = PBXBuildFile; fileRef = AB000020 /* LabyrinthGameView.swift */; };
		AA000021 /* LabyrinthGridView.swift in Sources */ = {isa = PBXBuildFile; fileRef = AB000021 /* LabyrinthGridView.swift */; };
		AA000022 /* CharacterMarkerView.swift in Sources */ = {isa = PBXBuildFile; fileRef = AB000022 /* CharacterMarkerView.swift */; };
		AA000023 /* ParentalGateView.swift in Sources */ = {isa = PBXBuildFile; fileRef = AB000023 /* ParentalGateView.swift */; };
		AA000024 /* PrivacyPolicyView.swift in Sources */ = {isa = PBXBuildFile; fileRef = AB000024 /* PrivacyPolicyView.swift */; };
		AA000025 /* PrivacyInfo.xcprivacy in Resources */ = {isa = PBXBuildFile; fileRef = AB000025 /* PrivacyInfo.xcprivacy */; };
		AA000026 /* TermsOfServiceView.swift in Sources */ = {isa = PBXBuildFile; fileRef = AB000026 /* TermsOfServiceView.swift */; };
		AA000027 /* Analytics.swift in Sources */ = {isa = PBXBuildFile; fileRef = AB000027 /* Analytics.swift */; };
		AA000028 /* TelemetryDeck in Frameworks */ = {isa = PBXBuildFile; productRef = AD000002 /* TelemetryDeck */; };
		AA100031 /* manifest.json in Resources */ = {isa = PBXBuildFile; fileRef = AC100031 /* manifest.json */; };
		AA200101 /* denny_001_lv1.json in Resources */ = {isa = PBXBuildFile; fileRef = AC200101 /* denny_001_lv1.json */; };
		AA200102 /* denny_001_lv2.json in Resources */ = {isa = PBXBuildFile; fileRef = AC200102 /* denny_001_lv2.json */; };
		AA200103 /* denny_001_lv3.json in Resources */ = {isa = PBXBuildFile; fileRef = AC200103 /* denny_001_lv3.json */; };
		AA200104 /* denny_001_lv4.json in Resources */ = {isa = PBXBuildFile; fileRef = AC200104 /* denny_001_lv4.json */; };
		AA200105 /* denny_001_lv5.json in Resources */ = {isa = PBXBuildFile; fileRef = AC200105 /* denny_001_lv5.json */; };
		AA200201 /* denny_002_lv1.json in Resources */ = {isa = PBXBuildFile; fileRef = AC200201 /* denny_002_lv1.json */; };
		AA200202 /* denny_002_lv2.json in Resources */ = {isa = PBXBuildFile; fileRef = AC200202 /* denny_002_lv2.json */; };
		AA200203 /* denny_002_lv3.json in Resources */ = {isa = PBXBuildFile; fileRef = AC200203 /* denny_002_lv3.json */; };
		AA200204 /* denny_002_lv4.json in Resources */ = {isa = PBXBuildFile; fileRef = AC200204 /* denny_002_lv4.json */; };
		AA200205 /* denny_002_lv5.json in Resources */ = {isa = PBXBuildFile; fileRef = AC200205 /* denny_002_lv5.json */; };
		AA200301 /* denny_003_lv1.json in Resources */ = {isa = PBXBuildFile; fileRef = AC200301 /* denny_003_lv1.json */; };
		AA200302 /* denny_003_lv2.json in Resources */ = {isa = PBXBuildFile; fileRef = AC200302 /* denny_003_lv2.json */; };
		AA200303 /* denny_003_lv3.json in Resources */ = {isa = PBXBuildFile; fileRef = AC200303 /* denny_003_lv3.json */; };
		AA200304 /* denny_003_lv4.json in Resources */ = {isa = PBXBuildFile; fileRef = AC200304 /* denny_003_lv4.json */; };
		AA200305 /* denny_003_lv5.json in Resources */ = {isa = PBXBuildFile; fileRef = AC200305 /* denny_003_lv5.json */; };
		AA200401 /* denny_004_lv1.json in Resources */ = {isa = PBXBuildFile; fileRef = AC200401 /* denny_004_lv1.json */; };
		AA200402 /* denny_004_lv2.json in Resources */ = {isa = PBXBuildFile; fileRef = AC200402 /* denny_004_lv2.json */; };
		AA200403 /* denny_004_lv3.json in Resources */ = {isa = PBXBuildFile; fileRef = AC200403 /* denny_004_lv3.json */; };
		AA200404 /* denny_004_lv4.json in Resources */ = {isa = PBXBuildFile; fileRef = AC200404 /* denny_004_lv4.json */; };
		AA200405 /* denny_004_lv5.json in Resources */ = {isa = PBXBuildFile; fileRef = AC200405 /* denny_004_lv5.json */; };
		AA200501 /* denny_005_lv1.json in Resources */ = {isa = PBXBuildFile; fileRef = AC200501 /* denny_005_lv1.json */; };
		AA200502 /* denny_005_lv2.json in Resources */ = {isa = PBXBuildFile; fileRef = AC200502 /* denny_005_lv2.json */; };
		AA200503 /* denny_005_lv3.json in Resources */ = {isa = PBXBuildFile; fileRef = AC200503 /* denny_005_lv3.json */; };
		AA200504 /* denny_005_lv4.json in Resources */ = {isa = PBXBuildFile; fileRef = AC200504 /* denny_005_lv4.json */; };
		AA200505 /* denny_005_lv5.json in Resources */ = {isa = PBXBuildFile; fileRef = AC200505 /* denny_005_lv5.json */; };
		AA200601 /* denny_006_lv1.json in Resources */ = {isa = PBXBuildFile; fileRef = AC200601 /* denny_006_lv1.json */; };
		AA200602 /* denny_006_lv2.json in Resources */ = {isa = PBXBuildFile; fileRef = AC200602 /* denny_006_lv2.json */; };
		AA200603 /* denny_006_lv3.json in Resources */ = {isa = PBXBuildFile; fileRef = AC200603 /* denny_006_lv3.json */; };
		AA200604 /* denny_006_lv4.json in Resources */ = {isa = PBXBuildFile; fileRef = AC200604 /* denny_006_lv4.json */; };
		AA200605 /* denny_006_lv5.json in Resources */ = {isa = PBXBuildFile; fileRef = AC200605 /* denny_006_lv5.json */; };
		AA200701 /* denny_007_lv1.json in Resources */ = {isa = PBXBuildFile; fileRef = AC200701 /* denny_007_lv1.json */; };
		AA200702 /* denny_007_lv2.json in Resources */ = {isa = PBXBuildFile; fileRef = AC200702 /* denny_007_lv2.json */; };
		AA200703 /* denny_007_lv3.json in Resources */ = {isa = PBXBuildFile; fileRef = AC200703 /* denny_007_lv3.json */; };
		AA200704 /* denny_007_lv4.json in Resources */ = {isa = PBXBuildFile; fileRef = AC200704 /* denny_007_lv4.json */; };
		AA200705 /* denny_007_lv5.json in Resources */ = {isa = PBXBuildFile; fileRef = AC200705 /* denny_007_lv5.json */; };
		AA200801 /* denny_008_lv1.json in Resources */ = {isa = PBXBuildFile; fileRef = AC200801 /* denny_008_lv1.json */; };
		AA200802 /* denny_008_lv2.json in Resources */ = {isa = PBXBuildFile; fileRef = AC200802 /* denny_008_lv2.json */; };
		AA200803 /* denny_008_lv3.json in Resources */ = {isa = PBXBuildFile; fileRef = AC200803 /* denny_008_lv3.json */; };
		AA200804 /* denny_008_lv4.json in Resources */ = {isa = PBXBuildFile; fileRef = AC200804 /* denny_008_lv4.json */; };
		AA200805 /* denny_008_lv5.json in Resources */ = {isa = PBXBuildFile; fileRef = AC200805 /* denny_008_lv5.json */; };
		AA200901 /* denny_009_lv1.json in Resources */ = {isa = PBXBuildFile; fileRef = AC200901 /* denny_009_lv1.json */; };
		AA200902 /* denny_009_lv2.json in Resources */ = {isa = PBXBuildFile; fileRef = AC200902 /* denny_009_lv2.json */; };
		AA200903 /* denny_009_lv3.json in Resources */ = {isa = PBXBuildFile; fileRef = AC200903 /* denny_009_lv3.json */; };
		AA200904 /* denny_009_lv4.json in Resources */ = {isa = PBXBuildFile; fileRef = AC200904 /* denny_009_lv4.json */; };
		AA200905 /* denny_009_lv5.json in Resources */ = {isa = PBXBuildFile; fileRef = AC200905 /* denny_009_lv5.json */; };
		AA201001 /* denny_010_lv1.json in Resources */ = {isa = PBXBuildFile; fileRef = AC201001 /* denny_010_lv1.json */; };
		AA201002 /* denny_010_lv2.json in Resources */ = {isa = PBXBuildFile; fileRef = AC201002 /* denny_010_lv2.json */; };
		AA201003 /* denny_010_lv3.json in Resources */ = {isa = PBXBuildFile; fileRef = AC201003 /* denny_010_lv3.json */; };
		AA201004 /* denny_010_lv4.json in Resources */ = {isa = PBXBuildFile; fileRef = AC201004 /* denny_010_lv4.json */; };
		AA201005 /* denny_010_lv5.json in Resources */ = {isa = PBXBuildFile; fileRef = AC201005 /* denny_010_lv5.json */; };
		AA201100 /* difficulty_samples.json in Resources */ = {isa = PBXBuildFile; fileRef = AC201100 /* difficulty_samples.json */; };
		AA201101 /* denny_011_lv1.json in Resources */ = {isa = PBXBuildFile; fileRef = AC201101 /* denny_011_lv1.json */; };
		AA201102 /* denny_011_lv2.json in Resources */ = {isa = PBXBuildFile; fileRef = AC201102 /* denny_011_lv2.json */; };
		AA201103 /* denny_011_lv3.json in Resources */ = {isa = PBXBuildFile; fileRef = AC201103 /* denny_011_lv3.json */; };
		AA201104 /* denny_011_lv4.json in Resources */ = {isa = PBXBuildFile; fileRef = AC201104 /* denny_011_lv4.json */; };
		AA201105 /* denny_011_lv5.json in Resources */ = {isa = PBXBuildFile; fileRef = AC201105 /* denny_011_lv5.json */; };
		AA201201 /* denny_012_lv1.json in Resources */ = {isa = PBXBuildFile; fileRef = AC201201 /* denny_012_lv1.json */; };
		AA201202 /* denny_012_lv2.json in Resources */ = {isa = PBXBuildFile; fileRef = AC201202 /* denny_012_lv2.json */; };
		AA201203 /* denny_012_lv3.json in Resources */ = {isa = PBXBuildFile; fileRef = AC201203 /* denny_012_lv3.json */; };
		AA201204 /* denny_012_lv4.json in Resources */ = {isa = PBXBuildFile; fileRef = AC201204 /* denny_012_lv4.json */; };
		AA201205 /* denny_012_lv5.json in Resources */ = {isa = PBXBuildFile; fileRef = AC201205 /* denny_012_lv5.json */; };
		AA201301 /* denny_013_lv1.json in Resources */ = {isa = PBXBuildFile; fileRef = AC201301 /* denny_013_lv1.json */; };
		AA201302 /* denny_013_lv2.json in Resources */ = {isa = PBXBuildFile; fileRef = AC201302 /* denny_013_lv2.json */; };
		AA201303 /* denny_013_lv3.json in Resources */ = {isa = PBXBuildFile; fileRef = AC201303 /* denny_013_lv3.json */; };
		AA201304 /* denny_013_lv4.json in Resources */ = {isa = PBXBuildFile; fileRef = AC201304 /* denny_013_lv4.json */; };
		AA201305 /* denny_013_lv5.json in Resources */ = {isa = PBXBuildFile; fileRef = AC201305 /* denny_013_lv5.json */; };
		AA201401 /* denny_014_lv1.json in Resources */ = {isa = PBXBuildFile; fileRef = AC201401 /* denny_014_lv1.json */; };
		AA201402 /* denny_014_lv2.json in Resources */ = {isa = PBXBuildFile; fileRef = AC201402 /* denny_014_lv2.json */; };
		AA201403 /* denny_014_lv3.json in Resources */ = {isa = PBXBuildFile; fileRef = AC201403 /* denny_014_lv3.json */; };
		AA201404 /* denny_014_lv4.json in Resources */ = {isa = PBXBuildFile; fileRef = AC201404 /* denny_014_lv4.json */; };
		AA201405 /* denny_014_lv5.json in Resources */ = {isa = PBXBuildFile; fileRef = AC201405 /* denny_014_lv5.json */; };
		AA201501 /* denny_015_lv1.json in Resources */ = {isa = PBXBuildFile; fileRef = AC201501 /* denny_015_lv1.json */; };
		AA201502 /* denny_015_lv2.json in Resources */ = {isa = PBXBuildFile; fileRef = AC201502 /* denny_015_lv2.json */; };
		AA201503 /* denny_015_lv3.json in Resources */ = {isa = PBXBuildFile; fileRef = AC201503 /* denny_015_lv3.json */; };
		AA201504 /* denny_015_lv4.json in Resources */ = {isa = PBXBuildFile; fileRef = AC201504 /* denny_015_lv4.json */; };
		AA201505 /* denny_015_lv5.json in Resources */ = {isa = PBXBuildFile; fileRef = AC201505 /* denny_015_lv5.json */; };
		AA201601 /* denny_016_lv1.json in Resources */ = {isa = PBXBuildFile; fileRef = AC201601 /* denny_016_lv1.json */; };
		AA201602 /* denny_016_lv2.json in Resources */ = {isa = PBXBuildFile; fileRef = AC201602 /* denny_016_lv2.json */; };
		AA201603 /* denny_016_lv3.json in Resources */ = {isa = PBXBuildFile; fileRef = AC201603 /* denny_016_lv3.json */; };
		AA201604 /* denny_016_lv4.json in Resources */ = {isa = PBXBuildFile; fileRef = AC201604 /* denny_016_lv4.json */; };
		AA201605 /* denny_016_lv5.json in Resources */ = {isa = PBXBuildFile; fileRef = AC201605 /* denny_016_lv5.json */; };
		AA201701 /* denny_017_lv1.json in Resources */ = {isa = PBXBuildFile; fileRef = AC201701 /* denny_017_lv1.json */; };
		AA201702 /* denny_017_lv2.json in Resources */ = {isa = PBXBuildFile; fileRef = AC201702 /* denny_017_lv2.json */; };
		AA201703 /* denny_017_lv3.json in Resources */ = {isa = PBXBuildFile; fileRef = AC201703 /* denny_017_lv3.json */; };
		AA201704 /* denny_017_lv4.json in Resources */ = {isa = PBXBuildFile; fileRef = AC201704 /* denny_017_lv4.json */; };
		AA201705 /* denny_017_lv5.json in Resources */ = {isa = PBXBuildFile; fileRef = AC201705 /* denny_017_lv5.json */; };
		AA201801 /* denny_018_lv1.json in Resources */ = {isa = PBXBuildFile; fileRef = AC201801 /* denny_018_lv1.json */; };
		AA201802 /* denny_018_lv2.json in Resources */ = {isa = PBXBuildFile; fileRef = AC201802 /* denny_018_lv2.json */; };
		AA201803 /* denny_018_lv3.json in Resources */ = {isa = PBXBuildFile; fileRef = AC201803 /* denny_018_lv3.json */; };
		AA201804 /* denny_018_lv4.json in Resources */ = {isa = PBXBuildFile; fileRef = AC201804 /* denny_018_lv4.json */; };
		AA201805 /* denny_018_lv5.json in Resources */ = {isa = PBXBuildFile; fileRef = AC201805 /* denny_018_lv5.json */; };
		AA201901 /* denny_019_lv1.json in Resources */ = {isa = PBXBuildFile; fileRef = AC201901 /* denny_019_lv1.json */; };
		AA201902 /* denny_019_lv2.json in Resources */ = {isa = PBXBuildFile; fileRef = AC201902 /* denny_019_lv2.json */; };
		AA201903 /* denny_019_lv3.json in Resources */ = {isa = PBXBuildFile; fileRef = AC201903 /* denny_019_lv3.json */; };
		AA201904 /* denny_019_lv4.json in Resources */ = {isa = PBXBuildFile; fileRef = AC201904 /* denny_019_lv4.json */; };
		AA201905 /* denny_019_lv5.json in Resources */ = {isa = PBXBuildFile; fileRef = AC201905 /* denny_019_lv5.json */; };
		AA202001 /* denny_020_lv1.json in Resources */ = {isa = PBXBuildFile; fileRef = AC202001 /* denny_020_lv1.json */; };
		AA202002 /* denny_020_lv2.json in Resources */ = {isa = PBXBuildFile; fileRef = AC202002 /* denny_020_lv2.json */; };
		AA202003 /* denny_020_lv3.json in Resources */ = {isa = PBXBuildFile; fileRef = AC202003 /* denny_020_lv3.json */; };
		AA202004 /* denny_020_lv4.json in Resources */ = {isa = PBXBuildFile; fileRef = AC202004 /* denny_020_lv4.json */; };
		AA202005 /* denny_020_lv5.json in Resources */ = {isa = PBXBuildFile; fileRef = AC202005 /* denny_020_lv5.json */; };
		AA300001 /* audio in Resources */ = {isa = PBXBuildFile; fileRef = AC300001 /* audio */; };
		BA000001 /* GameViewModelTests.swift in Sources */ = {isa = PBXBuildFile; fileRef = BB000001 /* GameViewModelTests.swift */; };
		BA000002 /* DrawingValidatorTests.swift in Sources */ = {isa = PBXBuildFile; fileRef = BB000002 /* DrawingValidatorTests.swift */; };
		BA000003 /* LabyrinthViewModelTests.swift in Sources */ = {isa = PBXBuildFile; fileRef = BB000003 /* LabyrinthViewModelTests.swift */; };
/* End PBXBuildFile section */

/* Begin PBXContainerItemProxy section */
		BC000001 /* PBXContainerItemProxy */ = {
			isa = PBXContainerItemProxy;
			containerPortal = AF000000 /* Project object */;
			proxyType = 1;
			remoteGlobalIDString = AF000001;
			remoteInfo = LowDopamineLabyrinth;
		};
/* End PBXContainerItemProxy section */

/* Begin PBXFileReference section */
		AB000000 /* LowDopamineLabyrinth.app */ = {isa = PBXFileReference; explicitFileType = wrapper.application; includeInIndex = 0; path = LowDopamineLabyrinth.app; sourceTree = BUILT_PRODUCTS_DIR; };
		AB000001 /* LowDopamineLabyrinthApp.swift */ = {isa = PBXFileReference; lastKnownFileType = sourcecode.swift; path = LowDopamineLabyrinthApp.swift; sourceTree = "<group>"; };
		AB000002 /* ContentView.swift */ = {isa = PBXFileReference; lastKnownFileType = sourcecode.swift; path = ContentView.swift; sourceTree = "<group>"; };
		AB000003 /* Assets.xcassets */ = {isa = PBXFileReference; lastKnownFileType = folder.assetcatalog; path = Assets.xcassets; sourceTree = "<group>"; };
		AB000004 /* Labyrinth.swift */ = {isa = PBXFileReference; lastKnownFileType = sourcecode.swift; path = Labyrinth.swift; sourceTree = "<group>"; };
		AB000005 /* UserPreferences.swift */ = {isa = PBXFileReference; lastKnownFileType = sourcecode.swift; path = UserPreferences.swift; sourceTree = "<group>"; };
		AB000006 /* SVGPathParser.swift */ = {isa = PBXFileReference; lastKnownFileType = sourcecode.swift; path = SVGPathParser.swift; sourceTree = "<group>"; };
		AB000007 /* LabyrinthLoader.swift */ = {isa = PBXFileReference; lastKnownFileType = sourcecode.swift; path = LabyrinthLoader.swift; sourceTree = "<group>"; };
		AB000008 /* TTSService.swift */ = {isa = PBXFileReference; lastKnownFileType = sourcecode.swift; path = TTSService.swift; sourceTree = "<group>"; };
		AB000009 /* DrawingValidator.swift */ = {isa = PBXFileReference; lastKnownFileType = sourcecode.swift; path = DrawingValidator.swift; sourceTree = "<group>"; };
		AB000010 /* ProgressTracker.swift */ = {isa = PBXFileReference; lastKnownFileType = sourcecode.swift; path = ProgressTracker.swift; sourceTree = "<group>"; };
		AB000011 /* LabyrinthViewModel.swift */ = {isa = PBXFileReference; lastKnownFileType = sourcecode.swift; path = LabyrinthViewModel.swift; sourceTree = "<group>"; };
		AB000012 /* GameViewModel.swift */ = {isa = PBXFileReference; lastKnownFileType = sourcecode.swift; path = GameViewModel.swift; sourceTree = "<group>"; };
		AB000013 /* OnboardingView.swift */ = {isa = PBXFileReference; lastKnownFileType = sourcecode.swift; path = OnboardingView.swift; sourceTree = "<group>"; };
		AB000014 /* LabyrinthListView.swift */ = {isa = PBXFileReference; lastKnownFileType = sourcecode.swift; path = LabyrinthListView.swift; sourceTree = "<group>"; };
		AB000015 /* DrawingCanvas.swift */ = {isa = PBXFileReference; lastKnownFileType = sourcecode.swift; path = DrawingCanvas.swift; sourceTree = "<group>"; };
		AB000016 /* CompletionView.swift */ = {isa = PBXFileReference; lastKnownFileType = sourcecode.swift; path = CompletionView.swift; sourceTree = "<group>"; };
		AB000017 /* PaywallView.swift */ = {isa = PBXFileReference; lastKnownFileType = sourcecode.swift; path = PaywallView.swift; sourceTree = "<group>"; };
		AB000018 /* SubscriptionManager.swift */ = {isa = PBXFileReference; lastKnownFileType = sourcecode.swift; path = SubscriptionManager.swift; sourceTree = "<group>"; };
		AB000019 /* NavigationControls.swift */ = {isa = PBXFileReference; lastKnownFileType = sourcecode.swift; path = NavigationControls.swift; sourceTree = "<group>"; };
		AB000020 /* LabyrinthGameView.swift */ = {isa = PBXFileReference; lastKnownFileType = sourcecode.swift; path = LabyrinthGameView.swift; sourceTree = "<group>"; };
		AB000021 /* LabyrinthGridView.swift */ = {isa = PBXFileReference; lastKnownFileType = sourcecode.swift; path = LabyrinthGridView.swift; sourceTree = "<group>"; };
		AB000022 /* CharacterMarkerView.swift */ = {isa = PBXFileReference; lastKnownFileType = sourcecode.swift; path = CharacterMarkerView.swift; sourceTree = "<group>"; };
		AB000023 /* ParentalGateView.swift */ = {isa = PBXFileReference; lastKnownFileType = sourcecode.swift; path = ParentalGateView.swift; sourceTree = "<group>"; };
		AB000024 /* PrivacyPolicyView.swift */ = {isa = PBXFileReference; lastKnownFileType = sourcecode.swift; path = PrivacyPolicyView.swift; sourceTree = "<group>"; };
		AB000025 /* PrivacyInfo.xcprivacy */ = {isa = PBXFileReference; lastKnownFileType = text.xml; path = PrivacyInfo.xcprivacy; sourceTree = "<group>"; };
		AB000026 /* TermsOfServiceView.swift */ = {isa = PBXFileReference; lastKnownFileType = sourcecode.swift; path = TermsOfServiceView.swift; sourceTree = "<group>"; };
		AB000027 /* Analytics.swift */ = {isa = PBXFileReference; lastKnownFileType = sourcecode.swift; path = Analytics.swift; sourceTree = "<group>"; };
		AC100031 /* manifest.json */ = {isa = PBXFileReference; lastKnownFileType = text.json; path = manifest.json; sourceTree = "<group>"; };
		AC200101 /* denny_001_lv1.json */ = {isa = PBXFileReference; lastKnownFileType = text.json; path = denny_001_lv1.json; sourceTree = "<group>"; };
		AC200102 /* denny_001_lv2.json */ = {isa = PBXFileReference; lastKnownFileType = text.json; path = denny_001_lv2.json; sourceTree = "<group>"; };
		AC200103 /* denny_001_lv3.json */ = {isa = PBXFileReference; lastKnownFileType = text.json; path = denny_001_lv3.json; sourceTree = "<group>"; };
		AC200104 /* denny_001_lv4.json */ = {isa = PBXFileReference; lastKnownFileType = text.json; path = denny_001_lv4.json; sourceTree = "<group>"; };
		AC200105 /* denny_001_lv5.json */ = {isa = PBXFileReference; lastKnownFileType = text.json; path = denny_001_lv5.json; sourceTree = "<group>"; };
		AC200201 /* denny_002_lv1.json */ = {isa = PBXFileReference; lastKnownFileType = text.json; path = denny_002_lv1.json; sourceTree = "<group>"; };
		AC200202 /* denny_002_lv2.json */ = {isa = PBXFileReference; lastKnownFileType = text.json; path = denny_002_lv2.json; sourceTree = "<group>"; };
		AC200203 /* denny_002_lv3.json */ = {isa = PBXFileReference; lastKnownFileType = text.json; path = denny_002_lv3.json; sourceTree = "<group>"; };
		AC200204 /* denny_002_lv4.json */ = {isa = PBXFileReference; lastKnownFileType = text.json; path = denny_002_lv4.json; sourceTree = "<group>"; };
		AC200205 /* denny_002_lv5.json */ = {isa = PBXFileReference; lastKnownFileType = text.json; path = denny_002_lv5.json; sourceTree = "<group>"; };
		AC200301 /* denny_003_lv1.json */ = {isa = PBXFileReference; lastKnownFileType = text.json; path = denny_003_lv1.json; sourceTree = "<group>"; };
		AC200302 /* denny_003_lv2.json */ = {isa = PBXFileReference; lastKnownFileType = text.json; path = denny_003_lv2.json; sourceTree = "<group>"; };
		AC200303 /* denny_003_lv3.json */ = {isa = PBXFileReference; lastKnownFileType = text.json; path = denny_003_lv3.json; sourceTree = "<group>"; };
		AC200304 /* denny_003_lv4.json */ = {isa = PBXFileReference; lastKnownFileType = text.json; path = denny_003_lv4.json; sourceTree = "<group>"; };
		AC200305 /* denny_003_lv5.json */ = {isa = PBXFileReference; lastKnownFileType = text.json; path = denny_003_lv5.json; sourceTree = "<group>"; };
		AC200401 /* denny_004_lv1.json */ = {isa = PBXFileReference; lastKnownFileType = text.json; path = denny_004_lv1.json; sourceTree = "<group>"; };
		AC200402 /* denny_004_lv2.json */ = {isa = PBXFileReference; lastKnownFileType = text.json; path = denny_004_lv2.json; sourceTree = "<group>"; };
		AC200403 /* denny_004_lv3.json */ = {isa = PBXFileReference; lastKnownFileType = text.json; path = denny_004_lv3.json; sourceTree = "<group>"; };
		AC200404 /* denny_004_lv4.json */ = {isa = PBXFileReference; lastKnownFileType = text.json; path = denny_004_lv4.json; sourceTree = "<group>"; };
		AC200405 /* denny_004_lv5.json */ = {isa = PBXFileReference; lastKnownFileType = text.json; path = denny_004_lv5.json; sourceTree = "<group>"; };
		AC200501 /* denny_005_lv1.json */ = {isa = PBXFileReference; lastKnownFileType = text.json; path = denny_005_lv1.json; sourceTree = "<group>"; };
		AC200502 /* denny_005_lv2.json */ = {isa = PBXFileReference; lastKnownFileType = text.json; path = denny_005_lv2.json; sourceTree = "<group>"; };
		AC200503 /* denny_005_lv3.json */ = {isa = PBXFileReference; lastKnownFileType = text.json; path = denny_005_lv3.json; sourceTree = "<group>"; };
		AC200504 /* denny_005_lv4.json */ = {isa = PBXFileReference; lastKnownFileType = text.json; path = denny_005_lv4.json; sourceTree = "<group>"; };
		AC200505 /* denny_005_lv5.json */ = {isa = PBXFileReference; lastKnownFileType = text.json; path = denny_005_lv5.json; sourceTree = "<group>"; };
		AC200601 /* denny_006_lv1.json */ = {isa = PBXFileReference; lastKnownFileType = text.json; path = denny_006_lv1.json; sourceTree = "<group>"; };
		AC200602 /* denny_006_lv2.json */ = {isa = PBXFileReference; lastKnownFileType = text.json; path = denny_006_lv2.json; sourceTree = "<group>"; };
		AC200603 /* denny_006_lv3.json */ = {isa = PBXFileReference; lastKnownFileType = text.json; path = denny_006_lv3.json; sourceTree = "<group>"; };
		AC200604 /* denny_006_lv4.json */ = {isa = PBXFileReference; lastKnownFileType = text.json; path = denny_006_lv4.json; sourceTree = "<group>"; };
		AC200605 /* denny_006_lv5.json */ = {isa = PBXFileReference; lastKnownFileType = text.json; path = denny_006_lv5.json; sourceTree = "<group>"; };
		AC200701 /* denny_007_lv1.json */ = {isa = PBXFileReference; lastKnownFileType = text.json; path = denny_007_lv1.json; sourceTree = "<group>"; };
		AC200702 /* denny_007_lv2.json */ = {isa = PBXFileReference; lastKnownFileType = text.json; path = denny_007_lv2.json; sourceTree = "<group>"; };
		AC200703 /* denny_007_lv3.json */ = {isa = PBXFileReference; lastKnownFileType = text.json; path = denny_007_lv3.json; sourceTree = "<group>"; };
		AC200704 /* denny_007_lv4.json */ = {isa = PBXFileReference; lastKnownFileType = text.json; path = denny_007_lv4.json; sourceTree = "<group>"; };
		AC200705 /* denny_007_lv5.json */ = {isa = PBXFileReference; lastKnownFileType = text.json; path = denny_007_lv5.json; sourceTree = "<group>"; };
		AC200801 /* denny_008_lv1.json */ = {isa = PBXFileReference; lastKnownFileType = text.json; path = denny_008_lv1.json; sourceTree = "<group>"; };
		AC200802 /* denny_008_lv2.json */ = {isa = PBXFileReference; lastKnownFileType = text.json; path = denny_008_lv2.json; sourceTree = "<group>"; };
		AC200803 /* denny_008_lv3.json */ = {isa = PBXFileReference; lastKnownFileType = text.json; path = denny_008_lv3.json; sourceTree = "<group>"; };
		AC200804 /* denny_008_lv4.json */ = {isa = PBXFileReference; lastKnownFileType = text.json; path = denny_008_lv4.json; sourceTree = "<group>"; };
		AC200805 /* denny_008_lv5.json */ = {isa = PBXFileReference; lastKnownFileType = text.json; path = denny_008_lv5.json; sourceTree = "<group>"; };
		AC200901 /* denny_009_lv1.json */ = {isa = PBXFileReference; lastKnownFileType = text.json; path = denny_009_lv1.json; sourceTree = "<group>"; };
		AC200902 /* denny_009_lv2.json */ = {isa = PBXFileReference; lastKnownFileType = text.json; path = denny_009_lv2.json; sourceTree = "<group>"; };
		AC200903 /* denny_009_lv3.json */ = {isa = PBXFileReference; lastKnownFileType = text.json; path = denny_009_lv3.json; sourceTree = "<group>"; };
		AC200904 /* denny_009_lv4.json */ = {isa = PBXFileReference; lastKnownFileType = text.json; path = denny_009_lv4.json; sourceTree = "<group>"; };
		AC200905 /* denny_009_lv5.json */ = {isa = PBXFileReference; lastKnownFileType = text.json; path = denny_009_lv5.json; sourceTree = "<group>"; };
		AC201001 /* denny_010_lv1.json */ = {isa = PBXFileReference; lastKnownFileType = text.json; path = denny_010_lv1.json; sourceTree = "<group>"; };
		AC201002 /* denny_010_lv2.json */ = {isa = PBXFileReference; lastKnownFileType = text.json; path = denny_010_lv2.json; sourceTree = "<group>"; };
		AC201003 /* denny_010_lv3.json */ = {isa = PBXFileReference; lastKnownFileType = text.json; path = denny_010_lv3.json; sourceTree = "<group>"; };
		AC201004 /* denny_010_lv4.json */ = {isa = PBXFileReference; lastKnownFileType = text.json; path = denny_010_lv4.json; sourceTree = "<group>"; };
		AC201005 /* denny_010_lv5.json */ = {isa = PBXFileReference; lastKnownFileType = text.json; path = denny_010_lv5.json; sourceTree = "<group>"; };
		AC201100 /* difficulty_samples.json */ = {isa = PBXFileReference; lastKnownFileType = text.json; path = difficulty_samples.json; sourceTree = "<group>"; };
		AC201101 /* denny_011_lv1.json */ = {isa = PBXFileReference; lastKnownFileType = text.json; path = denny_011_lv1.json; sourceTree = "<group>"; };
		AC201102 /* denny_011_lv2.json */ = {isa = PBXFileReference; lastKnownFileType = text.json; path = denny_011_lv2.json; sourceTree = "<group>"; };
		AC201103 /* denny_011_lv3.json */ = {isa = PBXFileReference; lastKnownFileType = text.json; path = denny_011_lv3.json; sourceTree = "<group>"; };
		AC201104 /* denny_011_lv4.json */ = {isa = PBXFileReference; lastKnownFileType = text.json; path = denny_011_lv4.json; sourceTree = "<group>"; };
		AC201105 /* denny_011_lv5.json */ = {isa = PBXFileReference; lastKnownFileType = text.json; path = denny_011_lv5.json; sourceTree = "<group>"; };
		AC201201 /* denny_012_lv1.json */ = {isa = PBXFileReference; lastKnownFileType = text.json; path = denny_012_lv1.json; sourceTree = "<group>"; };
		AC201202 /* denny_012_lv2.json */ = {isa = PBXFileReference; lastKnownFileType = text.json; path = denny_012_lv2.json; sourceTree = "<group>"; };
		AC201203 /* denny_012_lv3.json */ = {isa = PBXFileReference; lastKnownFileType = text.json; path = denny_012_lv3.json; sourceTree = "<group>"; };
		AC201204 /* denny_012_lv4.json */ = {isa = PBXFileReference; lastKnownFileType = text.json; path = denny_012_lv4.json; sourceTree = "<group>"; };
		AC201205 /* denny_012_lv5.json */ = {isa = PBXFileReference; lastKnownFileType = text.json; path = denny_012_lv5.json; sourceTree = "<group>"; };
		AC201301 /* denny_013_lv1.json */ = {isa = PBXFileReference; lastKnownFileType = text.json; path = denny_013_lv1.json; sourceTree = "<group>"; };
		AC201302 /* denny_013_lv2.json */ = {isa = PBXFileReference; lastKnownFileType = text.json; path = denny_013_lv2.json; sourceTree = "<group>"; };
		AC201303 /* denny_013_lv3.json */ = {isa = PBXFileReference; lastKnownFileType = text.json; path = denny_013_lv3.json; sourceTree = "<group>"; };
		AC201304 /* denny_013_lv4.json */ = {isa = PBXFileReference; lastKnownFileType = text.json; path = denny_013_lv4.json; sourceTree = "<group>"; };
		AC201305 /* denny_013_lv5.json */ = {isa = PBXFileReference; lastKnownFileType = text.json; path = denny_013_lv5.json; sourceTree = "<group>"; };
		AC201401 /* denny_014_lv1.json */ = {isa = PBXFileReference; lastKnownFileType = text.json; path = denny_014_lv1.json; sourceTree = "<group>"; };
		AC201402 /* denny_014_lv2.json */ = {isa = PBXFileReference; lastKnownFileType = text.json; path = denny_014_lv2.json; sourceTree = "<group>"; };
		AC201403 /* denny_014_lv3.json */ = {isa = PBXFileReference; lastKnownFileType = text.json; path = denny_014_lv3.json; sourceTree = "<group>"; };
		AC201404 /* denny_014_lv4.json */ = {isa = PBXFileReference; lastKnownFileType = text.json; path = denny_014_lv4.json; sourceTree = "<group>"; };
		AC201405 /* denny_014_lv5.json */ = {isa = PBXFileReference; lastKnownFileType = text.json; path = denny_014_lv5.json; sourceTree = "<group>"; };
		AC201501 /* denny_015_lv1.json */ = {isa = PBXFileReference; lastKnownFileType = text.json; path = denny_015_lv1.json; sourceTree = "<group>"; };
		AC201502 /* denny_015_lv2.json */ = {isa = PBXFileReference; lastKnownFileType = text.json; path = denny_015_lv2.json; sourceTree = "<group>"; };
		AC201503 /* denny_015_lv3.json */ = {isa = PBXFileReference; lastKnownFileType = text.json; path = denny_015_lv3.json; sourceTree = "<group>"; };
		AC201504 /* denny_015_lv4.json */ = {isa = PBXFileReference; lastKnownFileType = text.json; path = denny_015_lv4.json; sourceTree = "<group>"; };
		AC201505 /* denny_015_lv5.json */ = {isa = PBXFileReference; lastKnownFileType = text.json; path = denny_015_lv5.json; sourceTree = "<group>"; };
		AC201601 /* denny_016_lv1.json */ = {isa = PBXFileReference; lastKnownFileType = text.json; path = denny_016_lv1.json; sourceTree = "<group>"; };
		AC201602 /* denny_016_lv2.json */ = {isa = PBXFileReference; lastKnownFileType = text.json; path = denny_016_lv2.json; sourceTree = "<group>"; };
		AC201603 /* denny_016_lv3.json */ = {isa = PBXFileReference; lastKnownFileType = text.json; path = denny_016_lv3.json; sourceTree = "<group>"; };
		AC201604 /* denny_016_lv4.json */ = {isa = PBXFileReference; lastKnownFileType = text.json; path = denny_016_lv4.json; sourceTree = "<group>"; };
		AC201605 /* denny_016_lv5.json */ = {isa = PBXFileReference; lastKnownFileType = text.json; path = denny_016_lv5.json; sourceTree = "<group>"; };
		AC201701 /* denny_017_lv1.json */ = {isa = PBXFileReference; lastKnownFileType = text.json; path = denny_017_lv1.json; sourceTree = "<group>"; };
		AC201702 /* denny_017_lv2.json */ = {isa = PBXFileReference; lastKnownFileType = text.json; path = denny_017_lv2.json; sourceTree = "<group>"; };
		AC201703 /* denny_017_lv3.json */ = {isa = PBXFileReference; lastKnownFileType = text.json; path = denny_017_lv3.json; sourceTree = "<group>"; };
		AC201704 /* denny_017_lv4.json */ = {isa = PBXFileReference; lastKnownFileType = text.json; path = denny_017_lv4.json; sourceTree = "<group>"; };
		AC201705 /* denny_017_lv5.json */ = {isa = PBXFileReference; lastKnownFileType = text.json; path = denny_017_lv5.json; sourceTree = "<group>"; };
		AC201801 /* denny_018_lv1.json */ = {isa = PBXFileReference; lastKnownFileType = text.json; path = denny_018_lv1.json; sourceTree = "<group>"; };
		AC201802 /* denny_018_lv2.json */ = {isa = PBXFileReference; lastKnownFileType = text.json; path = denny_018_lv2.json; sourceTree = "<group>"; };
		AC201803 /* denny_018_lv3.json */ = {isa = PBXFileReference; lastKnownFileType = text.json; path = denny_018_lv3.json; sourceTree = "<group>"; };
		AC201804 /* denny_018_lv4.json */ = {isa = PBXFileReference; lastKnownFileType = text.json; path = denny_018_lv4.json; sourceTree = "<group>"; };
		AC201805 /* denny_018_lv5.json */ = {isa = PBXFileReference; lastKnownFileType = text.json; path = denny_018_lv5.json; sourceTree = "<group>"; };
		AC201901 /* denny_019_lv1.json */ = {isa = PBXFileReference; lastKnownFileType = text.json; path = denny_019_lv1.json; sourceTree = "<group>"; };
		AC201902 /* denny_019_lv2.json */ = {isa = PBXFileReference; lastKnownFileType = text.json; path = denny_019_lv2.json; sourceTree = "<group>"; };
		AC201903 /* denny_019_lv3.json */ = {isa = PBXFileReference; lastKnownFileType = text.json; path = denny_019_lv3.json; sourceTree = "<group>"; };
		AC201904 /* denny_019_lv4.json */ = {isa = PBXFileReference; lastKnownFileType = text.json; path = denny_019_lv4.json; sourceTree = "<group>"; };
		AC201905 /* denny_019_lv5.json */ = {isa = PBXFileReference; lastKnownFileType = text.json; path = denny_019_lv5.json; sourceTree = "<group>"; };
		AC202001 /* denny_020_lv1.json */ = {isa = PBXFileReference; lastKnownFileType = text.json; path = denny_020_lv1.json; sourceTree = "<group>"; };
		AC202002 /* denny_020_lv2.json */ = {isa = PBXFileReference; lastKnownFileType = text.json; path = denny_020_lv2.json; sourceTree = "<group>"; };
		AC202003 /* denny_020_lv3.json */ = {isa = PBXFileReference; lastKnownFileType = text.json; path = denny_020_lv3.json; sourceTree = "<group>"; };
		AC202004 /* denny_020_lv4.json */ = {isa = PBXFileReference; lastKnownFileType = text.json; path = denny_020_lv4.json; sourceTree = "<group>"; };
		AC202005 /* denny_020_lv5.json */ = {isa = PBXFileReference; lastKnownFileType = text.json; path = denny_020_lv5.json; sourceTree = "<group>"; };
		AC300001 /* audio */ = {isa = PBXFileReference; lastKnownFileType = folder; path = audio; sourceTree = "<group>"; };
		BB000000 /* LowDopamineLabyrinthTests.xctest */ = {isa = PBXFileReference; explicitFileType = wrapper.cfbundle; includeInIndex = 0; path = LowDopamineLabyrinthTests.xctest; sourceTree = BUILT_PRODUCTS_DIR; };
		BB000001 /* GameViewModelTests.swift */ = {isa = PBXFileReference; lastKnownFileType = sourcecode.swift; path = GameViewModelTests.swift; sourceTree = "<group>"; };
		BB000002 /* DrawingValidatorTests.swift */ = {isa = PBXFileReference; lastKnownFileType = sourcecode.swift; path = DrawingValidatorTests.swift; sourceTree = "<group>"; };
		BB000003 /* LabyrinthViewModelTests.swift */ = {isa = PBXFileReference; lastKnownFileType = sourcecode.swift; path = LabyrinthViewModelTests.swift; sourceTree = "<group>"; };
/* End PBXFileReference section */

/* Begin PBXFrameworksBuildPhase section */
		AD000001 /* Frameworks */ = {
			isa = PBXFrameworksBuildPhase;
			buildActionMask = 2147483647;
			files = (
				AA000028 /* TelemetryDeck in Frameworks */,
			);
			runOnlyForDeploymentPostprocessing = 0;
		};
		BD000010 /* Frameworks */ = {
			isa = PBXFrameworksBuildPhase;
			buildActionMask = 2147483647;
			files = (
			);
			runOnlyForDeploymentPostprocessing = 0;
		};
/* End PBXFrameworksBuildPhase section */

/* Begin PBXGroup section */
		AE000000 = {
			isa = PBXGroup;
			children = (
				AE000001 /* LowDopamineLabyrinth */,
				BE000001 /* LowDopamineLabyrinthTests */,
				AE000099 /* Products */,
			);
			sourceTree = "<group>";
		};
		AE000001 /* LowDopamineLabyrinth */ = {
			isa = PBXGroup;
			children = (
				AB000001 /* LowDopamineLabyrinthApp.swift */,
				AB000002 /* ContentView.swift */,
				AE000002 /* Models */,
				AE000003 /* Views */,
				AE000004 /* ViewModels */,
				AE000005 /* Services */,
				AE000006 /* Utilities */,
				AE000007 /* Resources */,
				AB000003 /* Assets.xcassets */,
				AB000025 /* PrivacyInfo.xcprivacy */,
			);
			path = LowDopamineLabyrinth;
			sourceTree = "<group>";
		};
		AE000002 /* Models */ = {
			isa = PBXGroup;
			children = (
				AB000004 /* Labyrinth.swift */,
				AB000005 /* UserPreferences.swift */,
			);
			path = Models;
			sourceTree = "<group>";
		};
		AE000003 /* Views */ = {
			isa = PBXGroup;
			children = (
				AB000013 /* OnboardingView.swift */,
				AB000014 /* LabyrinthListView.swift */,
				AB000020 /* LabyrinthGameView.swift */,
				AB000021 /* LabyrinthGridView.swift */,
				AB000015 /* DrawingCanvas.swift */,
				AB000019 /* NavigationControls.swift */,
				AB000016 /* CompletionView.swift */,
				AB000017 /* PaywallView.swift */,
				AB000022 /* CharacterMarkerView.swift */,
				AB000023 /* ParentalGateView.swift */,
				AB000024 /* PrivacyPolicyView.swift */,
				AB000026 /* TermsOfServiceView.swift */,
			);
			path = Views;
			sourceTree = "<group>";
		};
		AE000004 /* ViewModels */ = {
			isa = PBXGroup;
			children = (
				AB000011 /* LabyrinthViewModel.swift */,
				AB000012 /* GameViewModel.swift */,
			);
			path = ViewModels;
			sourceTree = "<group>";
		};
		AE000005 /* Services */ = {
			isa = PBXGroup;
			children = (
				AB000007 /* LabyrinthLoader.swift */,
				AB000008 /* TTSService.swift */,
				AB000009 /* DrawingValidator.swift */,
				AB000010 /* ProgressTracker.swift */,
				AB000018 /* SubscriptionManager.swift */,
				AB000027 /* Analytics.swift */,
			);
			path = Services;
			sourceTree = "<group>";
		};
		AE000006 /* Utilities */ = {
			isa = PBXGroup;
			children = (
				AB000006 /* SVGPathParser.swift */,
			);
			path = Utilities;
			sourceTree = "<group>";
		};
		AE000007 /* Resources */ = {
			isa = PBXGroup;
			children = (
				AE000008 /* Labyrinths */,
			);
			path = Resources;
			sourceTree = "<group>";
		};
		AE000008 /* Labyrinths */ = {
			isa = PBXGroup;
			children = (
				AC300001 /* audio */,
				AC200101 /* denny_001_lv1.json */,
				AC200102 /* denny_001_lv2.json */,
				AC200103 /* denny_001_lv3.json */,
				AC200104 /* denny_001_lv4.json */,
				AC200105 /* denny_001_lv5.json */,
				AC200201 /* denny_002_lv1.json */,
				AC200202 /* denny_002_lv2.json */,
				AC200203 /* denny_002_lv3.json */,
				AC200204 /* denny_002_lv4.json */,
				AC200205 /* denny_002_lv5.json */,
				AC200301 /* denny_003_lv1.json */,
				AC200302 /* denny_003_lv2.json */,
				AC200303 /* denny_003_lv3.json */,
				AC200304 /* denny_003_lv4.json */,
				AC200305 /* denny_003_lv5.json */,
				AC200401 /* denny_004_lv1.json */,
				AC200402 /* denny_004_lv2.json */,
				AC200403 /* denny_004_lv3.json */,
				AC200404 /* denny_004_lv4.json */,
				AC200405 /* denny_004_lv5.json */,
				AC200501 /* denny_005_lv1.json */,
				AC200502 /* denny_005_lv2.json */,
				AC200503 /* denny_005_lv3.json */,
				AC200504 /* denny_005_lv4.json */,
				AC200505 /* denny_005_lv5.json */,
				AC200601 /* denny_006_lv1.json */,
				AC200602 /* denny_006_lv2.json */,
				AC200603 /* denny_006_lv3.json */,
				AC200604 /* denny_006_lv4.json */,
				AC200605 /* denny_006_lv5.json */,
				AC200701 /* denny_007_lv1.json */,
				AC200702 /* denny_007_lv2.json */,
				AC200703 /* denny_007_lv3.json */,
				AC200704 /* denny_007_lv4.json */,
				AC200705 /* denny_007_lv5.json */,
				AC200801 /* denny_008_lv1.json */,
				AC200802 /* denny_008_lv2.json */,
				AC200803 /* denny_008_lv3.json */,
				AC200804 /* denny_008_lv4.json */,
				AC200805 /* denny_008_lv5.json */,
				AC200901 /* denny_009_lv1.json */,
				AC200902 /* denny_009_lv2.json */,
				AC200903 /* denny_009_lv3.json */,
				AC200904 /* denny_009_lv4.json */,
				AC200905 /* denny_009_lv5.json */,
				AC201001 /* denny_010_lv1.json */,
				AC201002 /* denny_010_lv2.json */,
				AC201003 /* denny_010_lv3.json */,
				AC201004 /* denny_010_lv4.json */,
				AC201005 /* denny_010_lv5.json */,
				AC201101 /* denny_011_lv1.json */,
				AC201102 /* denny_011_lv2.json */,
				AC201103 /* denny_011_lv3.json */,
				AC201104 /* denny_011_lv4.json */,
				AC201105 /* denny_011_lv5.json */,
				AC201201 /* denny_012_lv1.json */,
				AC201202 /* denny_012_lv2.json */,
				AC201203 /* denny_012_lv3.json */,
				AC201204 /* denny_012_lv4.json */,
				AC201205 /* denny_012_lv5.json */,
				AC201301 /* denny_013_lv1.json */,
				AC201302 /* denny_013_lv2.json */,
				AC201303 /* denny_013_lv3.json */,
				AC201304 /* denny_013_lv4.json */,
				AC201305 /* denny_013_lv5.json */,
				AC201401 /* denny_014_lv1.json */,
				AC201402 /* denny_014_lv2.json */,
				AC201403 /* denny_014_lv3.json */,
				AC201404 /* denny_014_lv4.json */,
				AC201405 /* denny_014_lv5.json */,
				AC201501 /* denny_015_lv1.json */,
				AC201502 /* denny_015_lv2.json */,
				AC201503 /* denny_015_lv3.json */,
				AC201504 /* denny_015_lv4.json */,
				AC201505 /* denny_015_lv5.json */,
				AC201601 /* denny_016_lv1.json */,
				AC201602 /* denny_016_lv2.json */,
				AC201603 /* denny_016_lv3.json */,
				AC201604 /* denny_016_lv4.json */,
				AC201605 /* denny_016_lv5.json */,
				AC201701 /* denny_017_lv1.json */,
				AC201702 /* denny_017_lv2.json */,
				AC201703 /* denny_017_lv3.json */,
				AC201704 /* denny_017_lv4.json */,
				AC201705 /* denny_017_lv5.json */,
				AC201801 /* denny_018_lv1.json */,
				AC201802 /* denny_018_lv2.json */,
				AC201803 /* denny_018_lv3.json */,
				AC201804 /* denny_018_lv4.json */,
				AC201805 /* denny_018_lv5.json */,
				AC201901 /* denny_019_lv1.json */,
				AC201902 /* denny_019_lv2.json */,
				AC201903 /* denny_019_lv3.json */,
				AC201904 /* denny_019_lv4.json */,
				AC201905 /* denny_019_lv5.json */,
				AC202001 /* denny_020_lv1.json */,
				AC202002 /* denny_020_lv2.json */,
				AC202003 /* denny_020_lv3.json */,
				AC202004 /* denny_020_lv4.json */,
				AC202005 /* denny_020_lv5.json */,
				AC201100 /* difficulty_samples.json */,
				AC100031 /* manifest.json */,
			);
			path = Labyrinths;
			sourceTree = "<group>";
		};
		AE000099 /* Products */ = {
			isa = PBXGroup;
			children = (
				AB000000 /* LowDopamineLabyrinth.app */,
				BB000000 /* LowDopamineLabyrinthTests.xctest */,
			);
			name = Products;
			sourceTree = "<group>";
		};
		BE000001 /* LowDopamineLabyrinthTests */ = {
			isa = PBXGroup;
			children = (
				BB000001 /* GameViewModelTests.swift */,
				BB000002 /* DrawingValidatorTests.swift */,
				BB000003 /* LabyrinthViewModelTests.swift */,
			);
			path = LowDopamineLabyrinthTests;
			sourceTree = "<group>";
		};
/* End PBXGroup section */

/* Begin PBXNativeTarget section */
		AF000001 /* LowDopamineLabyrinth */ = {
			isa = PBXNativeTarget;
			buildConfigurationList = AF000010 /* Build configuration list for PBXNativeTarget "LowDopamineLabyrinth" */;
			buildPhases = (
				AF000002 /* Sources */,
				AD000001 /* Frameworks */,
				AF000003 /* Resources */,
			);
			buildRules = (
			);
			dependencies = (
			);
			name = LowDopamineLabyrinth;
			packageProductDependencies = (
				AD000002 /* TelemetryDeck */,
			);
			productName = LowDopamineLabyrinth;
			productReference = AB000000 /* LowDopamineLabyrinth.app */;
			productType = "com.apple.product-type.application";
		};
		BF000001 /* LowDopamineLabyrinthTests */ = {
			isa = PBXNativeTarget;
			buildConfigurationList = BF000010 /* Build configuration list for PBXNativeTarget "LowDopamineLabyrinthTests" */;
			buildPhases = (
				BF000002 /* Sources */,
				BD000010 /* Frameworks */,
			);
			buildRules = (
			);
			dependencies = (
				BD000001 /* PBXTargetDependency */,
			);
			name = LowDopamineLabyrinthTests;
			productName = LowDopamineLabyrinthTests;
			productReference = BB000000 /* LowDopamineLabyrinthTests.xctest */;
			productType = "com.apple.product-type.bundle.unit-test";
		};
/* End PBXNativeTarget section */

/* Begin PBXProject section */
		AF000000 /* Project object */ = {
			isa = PBXProject;
			attributes = {
				BuildIndependentTargetsInParallel = 1;
				LastSwiftUpdateCheck = 1500;
				LastUpgradeCheck = 1500;
				TargetAttributes = {
					AF000001 = {
						CreatedOnToolsVersion = 15.0;
					};
					BF000001 = {
						CreatedOnToolsVersion = 15.0;
						TestTargetID = AF000001;
					};
				};
			};
			buildConfigurationList = AF000020 /* Build configuration list for PBXProject "LowDopamineLabyrinth" */;
			compatibilityVersion = "Xcode 14.0";
			developmentRegion = en;
			hasScannedForEncodings = 0;
			knownRegions = (
				en,
				Base,
			);
			mainGroup = AE000000;
			packageReferences = (
				03644A3E2F4E7FBF00148A8E /* XCRemoteSwiftPackageReference "SwiftSDK" */,
			);
			productRefGroup = AE000099 /* Products */;
			projectDirPath = "";
			projectRoot = "";
			targets = (
				AF000001 /* LowDopamineLabyrinth */,
				BF000001 /* LowDopamineLabyrinthTests */,
			);
		};
/* End PBXProject section */

/* Begin PBXResourcesBuildPhase section */
		AF000003 /* Resources */ = {
			isa = PBXResourcesBuildPhase;
			buildActionMask = 2147483647;
			files = (
				AA000003 /* Assets.xcassets in Resources */,
				AA200101 /* denny_001_lv1.json in Resources */,
				AA200102 /* denny_001_lv2.json in Resources */,
				AA200103 /* denny_001_lv3.json in Resources */,
				AA200104 /* denny_001_lv4.json in Resources */,
				AA200105 /* denny_001_lv5.json in Resources */,
				AA200201 /* denny_002_lv1.json in Resources */,
				AA200202 /* denny_002_lv2.json in Resources */,
				AA200203 /* denny_002_lv3.json in Resources */,
				AA200204 /* denny_002_lv4.json in Resources */,
				AA200205 /* denny_002_lv5.json in Resources */,
				AA200301 /* denny_003_lv1.json in Resources */,
				AA200302 /* denny_003_lv2.json in Resources */,
				AA200303 /* denny_003_lv3.json in Resources */,
				AA200304 /* denny_003_lv4.json in Resources */,
				AA200305 /* denny_003_lv5.json in Resources */,
				AA200401 /* denny_004_lv1.json in Resources */,
				AA200402 /* denny_004_lv2.json in Resources */,
				AA200403 /* denny_004_lv3.json in Resources */,
				AA200404 /* denny_004_lv4.json in Resources */,
				AA200405 /* denny_004_lv5.json in Resources */,
				AA200501 /* denny_005_lv1.json in Resources */,
				AA200502 /* denny_005_lv2.json in Resources */,
				AA200503 /* denny_005_lv3.json in Resources */,
				AA200504 /* denny_005_lv4.json in Resources */,
				AA200505 /* denny_005_lv5.json in Resources */,
				AA200601 /* denny_006_lv1.json in Resources */,
				AA200602 /* denny_006_lv2.json in Resources */,
				AA200603 /* denny_006_lv3.json in Resources */,
				AA200604 /* denny_006_lv4.json in Resources */,
				AA200605 /* denny_006_lv5.json in Resources */,
				AA200701 /* denny_007_lv1.json in Resources */,
				AA200702 /* denny_007_lv2.json in Resources */,
				AA200703 /* denny_007_lv3.json in Resources */,
				AA200704 /* denny_007_lv4.json in Resources */,
				AA200705 /* denny_007_lv5.json in Resources */,
				AA200801 /* denny_008_lv1.json in Resources */,
				AA200802 /* denny_008_lv2.json in Resources */,
				AA200803 /* denny_008_lv3.json in Resources */,
				AA200804 /* denny_008_lv4.json in Resources */,
				AA200805 /* denny_008_lv5.json in Resources */,
				AA200901 /* denny_009_lv1.json in Resources */,
				AA200902 /* denny_009_lv2.json in Resources */,
				AA200903 /* denny_009_lv3.json in Resources */,
				AA200904 /* denny_009_lv4.json in Resources */,
				AA200905 /* denny_009_lv5.json in Resources */,
				AA201001 /* denny_010_lv1.json in Resources */,
				AA201002 /* denny_010_lv2.json in Resources */,
				AA201003 /* denny_010_lv3.json in Resources */,
				AA201004 /* denny_010_lv4.json in Resources */,
				AA201005 /* denny_010_lv5.json in Resources */,
				AA201101 /* denny_011_lv1.json in Resources */,
				AA201102 /* denny_011_lv2.json in Resources */,
				AA201103 /* denny_011_lv3.json in Resources */,
				AA201104 /* denny_011_lv4.json in Resources */,
				AA201105 /* denny_011_lv5.json in Resources */,
				AA201201 /* denny_012_lv1.json in Resources */,
				AA201202 /* denny_012_lv2.json in Resources */,
				AA201203 /* denny_012_lv3.json in Resources */,
				AA201204 /* denny_012_lv4.json in Resources */,
				AA201205 /* denny_012_lv5.json in Resources */,
				AA201301 /* denny_013_lv1.json in Resources */,
				AA201302 /* denny_013_lv2.json in Resources */,
				AA201303 /* denny_013_lv3.json in Resources */,
				AA201304 /* denny_013_lv4.json in Resources */,
				AA201305 /* denny_013_lv5.json in Resources */,
				AA201401 /* denny_014_lv1.json in Resources */,
				AA201402 /* denny_014_lv2.json in Resources */,
				AA201403 /* denny_014_lv3.json in Resources */,
				AA201404 /* denny_014_lv4.json in Resources */,
				AA201405 /* denny_014_lv5.json in Resources */,
				AA201501 /* denny_015_lv1.json in Resources */,
				AA201502 /* denny_015_lv2.json in Resources */,
				AA201503 /* denny_015_lv3.json in Resources */,
				AA201504 /* denny_015_lv4.json in Resources */,
				AA201505 /* denny_015_lv5.json in Resources */,
				AA201601 /* denny_016_lv1.json in Resources */,
				AA201602 /* denny_016_lv2.json in Resources */,
				AA201603 /* denny_016_lv3.json in Resources */,
				AA201604 /* denny_016_lv4.json in Resources */,
				AA201605 /* denny_016_lv5.json in Resources */,
				AA201701 /* denny_017_lv1.json in Resources */,
				AA201702 /* denny_017_lv2.json in Resources */,
				AA201703 /* denny_017_lv3.json in Resources */,
				AA201704 /* denny_017_lv4.json in Resources */,
				AA201705 /* denny_017_lv5.json in Resources */,
				AA201801 /* denny_018_lv1.json in Resources */,
				AA201802 /* denny_018_lv2.json in Resources */,
				AA201803 /* denny_018_lv3.json in Resources */,
				AA201804 /* denny_018_lv4.json in Resources */,
				AA201805 /* denny_018_lv5.json in Resources */,
				AA201901 /* denny_019_lv1.json in Resources */,
				AA201902 /* denny_019_lv2.json in Resources */,
				AA201903 /* denny_019_lv3.json in Resources */,
				AA201904 /* denny_019_lv4.json in Resources */,
				AA201905 /* denny_019_lv5.json in Resources */,
				AA202001 /* denny_020_lv1.json in Resources */,
				AA202002 /* denny_020_lv2.json in Resources */,
				AA202003 /* denny_020_lv3.json in Resources */,
				AA202004 /* denny_020_lv4.json in Resources */,
				AA202005 /* denny_020_lv5.json in Resources */,
				AA201100 /* difficulty_samples.json in Resources */,
				AA100031 /* manifest.json in Resources */,
				AA300001 /* audio in Resources */,
				AA000025 /* PrivacyInfo.xcprivacy in Resources */,
			);
			runOnlyForDeploymentPostprocessing = 0;
		};
/* End PBXResourcesBuildPhase section */

/* Begin PBXSourcesBuildPhase section */
		AF000002 /* Sources */ = {
			isa = PBXSourcesBuildPhase;
			buildActionMask = 2147483647;
			files = (
				AA000001 /* LowDopamineLabyrinthApp.swift in Sources */,
				AA000002 /* ContentView.swift in Sources */,
				AA000004 /* Labyrinth.swift in Sources */,
				AA000005 /* UserPreferences.swift in Sources */,
				AA000006 /* SVGPathParser.swift in Sources */,
				AA000007 /* LabyrinthLoader.swift in Sources */,
				AA000008 /* TTSService.swift in Sources */,
				AA000009 /* DrawingValidator.swift in Sources */,
				AA000010 /* ProgressTracker.swift in Sources */,
				AA000011 /* LabyrinthViewModel.swift in Sources */,
				AA000012 /* GameViewModel.swift in Sources */,
				AA000013 /* OnboardingView.swift in Sources */,
				AA000014 /* LabyrinthListView.swift in Sources */,
				AA000015 /* DrawingCanvas.swift in Sources */,
				AA000016 /* CompletionView.swift in Sources */,
				AA000017 /* PaywallView.swift in Sources */,
				AA000018 /* SubscriptionManager.swift in Sources */,
				AA000019 /* NavigationControls.swift in Sources */,
				AA000020 /* LabyrinthGameView.swift in Sources */,
				AA000021 /* LabyrinthGridView.swift in Sources */,
				AA000022 /* CharacterMarkerView.swift in Sources */,
				AA000023 /* ParentalGateView.swift in Sources */,
				AA000024 /* PrivacyPolicyView.swift in Sources */,
				AA000026 /* TermsOfServiceView.swift in Sources */,
				AA000027 /* Analytics.swift in Sources */,
			);
			runOnlyForDeploymentPostprocessing = 0;
		};
		BF000002 /* Sources */ = {
			isa = PBXSourcesBuildPhase;
			buildActionMask = 2147483647;
			files = (
				BA000001 /* GameViewModelTests.swift in Sources */,
				BA000002 /* DrawingValidatorTests.swift in Sources */,
				BA000003 /* LabyrinthViewModelTests.swift in Sources */,
			);
			runOnlyForDeploymentPostprocessing = 0;
		};
/* End PBXSourcesBuildPhase section */

/* Begin PBXTargetDependency section */
		BD000001 /* PBXTargetDependency */ = {
			isa = PBXTargetDependency;
			target = AF000001 /* LowDopamineLabyrinth */;
			targetProxy = BC000001 /* PBXContainerItemProxy */;
		};
/* End PBXTargetDependency section */

/* Begin XCBuildConfiguration section */
		AF000011 /* Debug */ = {
			isa = XCBuildConfiguration;
			buildSettings = {
				ASSETCATALOG_COMPILER_APPICON_NAME = AppIcon;
				ASSETCATALOG_COMPILER_GLOBAL_ACCENT_COLOR_NAME = AccentColor;
				CODE_SIGN_IDENTITY = "Apple Development";
				CODE_SIGN_STYLE = Automatic;
				CURRENT_PROJECT_VERSION = 1;
				DEVELOPMENT_TEAM = SC8JJ92TL6;
				GENERATE_INFOPLIST_FILE = YES;
				INFOPLIST_KEY_CFBundleDisplayName = "Low Dopamine Labyrinth";
				INFOPLIST_KEY_UIApplicationSceneManifest_Generation = YES;
				INFOPLIST_KEY_UIApplicationSupportsIndirectInputEvents = YES;
				INFOPLIST_KEY_UILaunchScreen_Generation = YES;
				INFOPLIST_KEY_UISupportedInterfaceOrientations = "UIInterfaceOrientationLandscapeLeft UIInterfaceOrientationLandscapeRight";
				INFOPLIST_KEY_UISupportedInterfaceOrientations_iPad = "UIInterfaceOrientationLandscapeLeft UIInterfaceOrientationLandscapeRight";
				IPHONEOS_DEPLOYMENT_TARGET = 15.0;
				LD_RUNPATH_SEARCH_PATHS = (
					"$(inherited)",
					"@executable_path/Frameworks",
				);
				MARKETING_VERSION = 1.0;
				PRODUCT_BUNDLE_IDENTIFIER = com.lowdopamine.labyrinth;
				PRODUCT_NAME = "$(TARGET_NAME)";
				PROVISIONING_PROFILE_SPECIFIER = "";
				SWIFT_EMIT_LOC_STRINGS = YES;
				SWIFT_VERSION = 5.0;
				TARGETED_DEVICE_FAMILY = "1,2";
			};
			name = Debug;
		};
		AF000012 /* Release */ = {
			isa = XCBuildConfiguration;
			buildSettings = {
				ASSETCATALOG_COMPILER_APPICON_NAME = AppIcon;
				ASSETCATALOG_COMPILER_GLOBAL_ACCENT_COLOR_NAME = AccentColor;
				CODE_SIGN_IDENTITY = "Apple Development";
				CODE_SIGN_STYLE = Automatic;
				CURRENT_PROJECT_VERSION = 1;
				DEVELOPMENT_TEAM = SC8JJ92TL6;
				GENERATE_INFOPLIST_FILE = YES;
				INFOPLIST_KEY_CFBundleDisplayName = "Low Dopamine Labyrinth";
				INFOPLIST_KEY_UIApplicationSceneManifest_Generation = YES;
				INFOPLIST_KEY_UIApplicationSupportsIndirectInputEvents = YES;
				INFOPLIST_KEY_UILaunchScreen_Generation = YES;
				INFOPLIST_KEY_UISupportedInterfaceOrientations = "UIInterfaceOrientationLandscapeLeft UIInterfaceOrientationLandscapeRight";
				INFOPLIST_KEY_UISupportedInterfaceOrientations_iPad = "UIInterfaceOrientationLandscapeLeft UIInterfaceOrientationLandscapeRight";
				IPHONEOS_DEPLOYMENT_TARGET = 15.0;
				LD_RUNPATH_SEARCH_PATHS = (
					"$(inherited)",
					"@executable_path/Frameworks",
				);
				MARKETING_VERSION = 1.0;
				PRODUCT_BUNDLE_IDENTIFIER = com.lowdopamine.labyrinth;
				PRODUCT_NAME = "$(TARGET_NAME)";
				PROVISIONING_PROFILE_SPECIFIER = "";
				SWIFT_EMIT_LOC_STRINGS = YES;
				SWIFT_VERSION = 5.0;
				TARGETED_DEVICE_FAMILY = "1,2";
			};
			name = Release;
		};
		AF000021 /* Debug */ = {
			isa = XCBuildConfiguration;
			buildSettings = {
				ALWAYS_SEARCH_USER_PATHS = NO;
				ASSETCATALOG_COMPILER_GENERATE_SWIFT_ASSET_SYMBOL_EXTENSIONS = YES;
				CLANG_ANALYZER_NONNULL = YES;
				CLANG_ANALYZER_NUMBER_OBJECT_CONVERSION = YES_AGGRESSIVE;
				CLANG_CXX_LANGUAGE_STANDARD = "gnu++20";
				CLANG_ENABLE_MODULES = YES;
				CLANG_ENABLE_OBJC_ARC = YES;
				CLANG_ENABLE_OBJC_WEAK = YES;
				CLANG_WARN_BLOCK_CAPTURE_AUTORELEASING = YES;
				CLANG_WARN_BOOL_CONVERSION = YES;
				CLANG_WARN_COMMA = YES;
				CLANG_WARN_CONSTANT_CONVERSION = YES;
				CLANG_WARN_DEPRECATED_OBJC_IMPLEMENTATIONS = YES;
				CLANG_WARN_DIRECT_OBJC_ISA_USAGE = YES_ERROR;
				CLANG_WARN_DOCUMENTATION_COMMENTS = YES;
				CLANG_WARN_EMPTY_BODY = YES;
				CLANG_WARN_ENUM_CONVERSION = YES;
				CLANG_WARN_INFINITE_RECURSION = YES;
				CLANG_WARN_INT_CONVERSION = YES;
				CLANG_WARN_NON_LITERAL_NULL_CONVERSION = YES;
				CLANG_WARN_OBJC_IMPLICIT_RETAIN_SELF = YES;
				CLANG_WARN_OBJC_LITERAL_CONVERSION = YES;
				CLANG_WARN_OBJC_ROOT_CLASS = YES_ERROR;
				CLANG_WARN_QUOTED_INCLUDE_IN_FRAMEWORK_HEADER = YES;
				CLANG_WARN_RANGE_LOOP_ANALYSIS = YES;
				CLANG_WARN_STRICT_PROTOTYPES = YES;
				CLANG_WARN_SUSPICIOUS_MOVE = YES;
				CLANG_WARN_UNGUARDED_AVAILABILITY = YES_AGGRESSIVE;
				CLANG_WARN_UNREACHABLE_CODE = YES;
				CLANG_WARN__DUPLICATE_METHOD_MATCH = YES;
				COPY_PHASE_STRIP = NO;
				DEBUG_INFORMATION_FORMAT = dwarf;
				ENABLE_STRICT_OBJC_MSGSEND = YES;
				ENABLE_TESTABILITY = YES;
				ENABLE_USER_SCRIPT_SANDBOXING = YES;
				GCC_C_LANGUAGE_STANDARD = gnu17;
				GCC_DYNAMIC_NO_PIC = NO;
				GCC_NO_COMMON_BLOCKS = YES;
				GCC_OPTIMIZATION_LEVEL = 0;
				GCC_PREPROCESSOR_DEFINITIONS = (
					"DEBUG=1",
					"$(inherited)",
				);
				GCC_WARN_64_TO_32_BIT_CONVERSION = YES;
				GCC_WARN_ABOUT_RETURN_TYPE = YES_ERROR;
				GCC_WARN_UNDECLARED_SELECTOR = YES;
				GCC_WARN_UNINITIALIZED_AUTOS = YES_AGGRESSIVE;
				GCC_WARN_UNUSED_FUNCTION = YES;
				GCC_WARN_UNUSED_VARIABLE = YES;
				IPHONEOS_DEPLOYMENT_TARGET = 15.0;
				LOCALIZATION_PREFERS_STRING_CATALOGS = YES;
				MTL_ENABLE_DEBUG_INFO = INCLUDE_SOURCE;
				MTL_FAST_MATH = YES;
				ONLY_ACTIVE_ARCH = YES;
				SDKROOT = iphoneos;
				SWIFT_ACTIVE_COMPILATION_CONDITIONS = "DEBUG $(inherited)";
				SWIFT_OPTIMIZATION_LEVEL = "-Onone";
			};
			name = Debug;
		};
		AF000022 /* Release */ = {
			isa = XCBuildConfiguration;
			buildSettings = {
				ALWAYS_SEARCH_USER_PATHS = NO;
				ASSETCATALOG_COMPILER_GENERATE_SWIFT_ASSET_SYMBOL_EXTENSIONS = YES;
				CLANG_ANALYZER_NONNULL = YES;
				CLANG_ANALYZER_NUMBER_OBJECT_CONVERSION = YES_AGGRESSIVE;
				CLANG_CXX_LANGUAGE_STANDARD = "gnu++20";
				CLANG_ENABLE_MODULES = YES;
				CLANG_ENABLE_OBJC_ARC = YES;
				CLANG_ENABLE_OBJC_WEAK = YES;
				CLANG_WARN_BLOCK_CAPTURE_AUTORELEASING = YES;
				CLANG_WARN_BOOL_CONVERSION = YES;
				CLANG_WARN_COMMA = YES;
				CLANG_WARN_CONSTANT_CONVERSION = YES;
				CLANG_WARN_DEPRECATED_OBJC_IMPLEMENTATIONS = YES;
				CLANG_WARN_DIRECT_OBJC_ISA_USAGE = YES_ERROR;
				CLANG_WARN_DOCUMENTATION_COMMENTS = YES;
				CLANG_WARN_EMPTY_BODY = YES;
				CLANG_WARN_ENUM_CONVERSION = YES;
				CLANG_WARN_INFINITE_RECURSION = YES;
				CLANG_WARN_INT_CONVERSION = YES;
				CLANG_WARN_NON_LITERAL_NULL_CONVERSION = YES;
				CLANG_WARN_OBJC_IMPLICIT_RETAIN_SELF = YES;
				CLANG_WARN_OBJC_LITERAL_CONVERSION = YES;
				CLANG_WARN_OBJC_ROOT_CLASS = YES_ERROR;
				CLANG_WARN_QUOTED_INCLUDE_IN_FRAMEWORK_HEADER = YES;
				CLANG_WARN_RANGE_LOOP_ANALYSIS = YES;
				CLANG_WARN_STRICT_PROTOTYPES = YES;
				CLANG_WARN_SUSPICIOUS_MOVE = YES;
				CLANG_WARN_UNGUARDED_AVAILABILITY = YES_AGGRESSIVE;
				CLANG_WARN_UNREACHABLE_CODE = YES;
				CLANG_WARN__DUPLICATE_METHOD_MATCH = YES;
				COPY_PHASE_STRIP = NO;
				DEBUG_INFORMATION_FORMAT = "dwarf-with-dsym";
				ENABLE_NS_ASSERTIONS = NO;
				ENABLE_STRICT_OBJC_MSGSEND = YES;
				ENABLE_USER_SCRIPT_SANDBOXING = YES;
				GCC_C_LANGUAGE_STANDARD = gnu17;
				GCC_NO_COMMON_BLOCKS = YES;
				GCC_WARN_64_TO_32_BIT_CONVERSION = YES;
				GCC_WARN_ABOUT_RETURN_TYPE = YES_ERROR;
				GCC_WARN_UNDECLARED_SELECTOR = YES;
				GCC_WARN_UNINITIALIZED_AUTOS = YES_AGGRESSIVE;
				GCC_WARN_UNUSED_FUNCTION = YES;
				GCC_WARN_UNUSED_VARIABLE = YES;
				IPHONEOS_DEPLOYMENT_TARGET = 15.0;
				LOCALIZATION_PREFERS_STRING_CATALOGS = YES;
				MTL_ENABLE_DEBUG_INFO = NO;
				MTL_FAST_MATH = YES;
				SDKROOT = iphoneos;
				SWIFT_COMPILATION_MODE = wholemodule;
				VALIDATE_PRODUCT = YES;
			};
			name = Release;
		};
		BF000011 /* Debug */ = {
			isa = XCBuildConfiguration;
			buildSettings = {
				BUNDLE_LOADER = "$(TEST_HOST)";
				CODE_SIGN_STYLE = Automatic;
				CURRENT_PROJECT_VERSION = 1;
				DEVELOPMENT_TEAM = SC8JJ92TL6;
				GENERATE_INFOPLIST_FILE = YES;
				IPHONEOS_DEPLOYMENT_TARGET = 15.0;
				LD_RUNPATH_SEARCH_PATHS = (
					"$(inherited)",
					"@executable_path/Frameworks",
					"@loader_path/Frameworks",
				);
				MARKETING_VERSION = 1.0;
				PRODUCT_BUNDLE_IDENTIFIER = com.lowdopamine.labyrinth.tests;
				PRODUCT_NAME = "$(TARGET_NAME)";
				SWIFT_EMIT_LOC_STRINGS = NO;
				SWIFT_VERSION = 5.0;
				TARGETED_DEVICE_FAMILY = "1,2";
				TEST_HOST = "$(BUILT_PRODUCTS_DIR)/LowDopamineLabyrinth.app/$(BUNDLE_EXECUTABLE_FOLDER_PATH)/LowDopamineLabyrinth";
			};
			name = Debug;
		};
		BF000012 /* Release */ = {
			isa = XCBuildConfiguration;
			buildSettings = {
				BUNDLE_LOADER = "$(TEST_HOST)";
				CODE_SIGN_STYLE = Automatic;
				CURRENT_PROJECT_VERSION = 1;
				DEVELOPMENT_TEAM = SC8JJ92TL6;
				GENERATE_INFOPLIST_FILE = YES;
				IPHONEOS_DEPLOYMENT_TARGET = 15.0;
				LD_RUNPATH_SEARCH_PATHS = (
					"$(inherited)",
					"@executable_path/Frameworks",
					"@loader_path/Frameworks",
				);
				MARKETING_VERSION = 1.0;
				PRODUCT_BUNDLE_IDENTIFIER = com.lowdopamine.labyrinth.tests;
				PRODUCT_NAME = "$(TARGET_NAME)";
				SWIFT_EMIT_LOC_STRINGS = NO;
				SWIFT_VERSION = 5.0;
				TARGETED_DEVICE_FAMILY = "1,2";
				TEST_HOST = "$(BUILT_PRODUCTS_DIR)/LowDopamineLabyrinth.app/$(BUNDLE_EXECUTABLE_FOLDER_PATH)/LowDopamineLabyrinth";
			};
			name = Release;
		};
/* End XCBuildConfiguration section */

/* Begin XCConfigurationList section */
		AF000010 /* Build configuration list for PBXNativeTarget "LowDopamineLabyrinth" */ = {
			isa = XCConfigurationList;
			buildConfigurations = (
				AF000011 /* Debug */,
				AF000012 /* Release */,
			);
			defaultConfigurationIsVisible = 0;
			defaultConfigurationName = Release;
		};
		AF000020 /* Build configuration list for PBXProject "LowDopamineLabyrinth" */ = {
			isa = XCConfigurationList;
			buildConfigurations = (
				AF000021 /* Debug */,
				AF000022 /* Release */,
			);
			defaultConfigurationIsVisible = 0;
			defaultConfigurationName = Release;
		};
		BF000010 /* Build configuration list for PBXNativeTarget "LowDopamineLabyrinthTests" */ = {
			isa = XCConfigurationList;
			buildConfigurations = (
				BF000011 /* Debug */,
				BF000012 /* Release */,
			);
			defaultConfigurationIsVisible = 0;
			defaultConfigurationName = Release;
		};
/* End XCConfigurationList section */

/* Begin XCRemoteSwiftPackageReference section */
		03644A3E2F4E7FBF00148A8E /* XCRemoteSwiftPackageReference "SwiftSDK" */ = {
			isa = XCRemoteSwiftPackageReference;
			repositoryURL = "https://github.com/TelemetryDeck/SwiftSDK";
			requirement = {
				kind = upToNextMajorVersion;
				minimumVersion = 2.11.0;
			};
		};
/* End XCRemoteSwiftPackageReference section */

/* Begin XCSwiftPackageProductDependency section */
		AD000002 /* TelemetryDeck */ = {
			isa = XCSwiftPackageProductDependency;
			package = 03644A3E2F4E7FBF00148A8E /* XCRemoteSwiftPackageReference "SwiftSDK" */;
			productName = TelemetryDeck;
		};
/* End XCSwiftPackageProductDependency section */
	};
	rootObject = AF000000 /* Project object */;
}
