// !$*UTF8*$!
{
	archiveVersion = 1;
	classes = {
	};
	objectVersion = 56;
	objects = {

/* Begin PBXBuildFile section */
		AA000001 /* LowDopamineLabyrinthApp.swift in Sources */ = {isa = PBXBuildFile; fileRef = AB000001; };
		AA000002 /* ContentView.swift in Sources */ = {isa = PBXBuildFile; fileRef = AB000002; };
		AA000003 /* Assets.xcassets in Resources */ = {isa = PBXBuildFile; fileRef = AB000003; };
		AA000004 /* Labyrinth.swift in Sources */ = {isa = PBXBuildFile; fileRef = AB000004; };
		AA000005 /* UserPreferences.swift in Sources */ = {isa = PBXBuildFile; fileRef = AB000005; };
		AA000006 /* SVGPathParser.swift in Sources */ = {isa = PBXBuildFile; fileRef = AB000006; };
		AA000007 /* LabyrinthLoader.swift in Sources */ = {isa = PBXBuildFile; fileRef = AB000007; };
		AA000008 /* TTSService.swift in Sources */ = {isa = PBXBuildFile; fileRef = AB000008; };
		AA000009 /* DrawingValidator.swift in Sources */ = {isa = PBXBuildFile; fileRef = AB000009; };
		AA000010 /* ProgressTracker.swift in Sources */ = {isa = PBXBuildFile; fileRef = AB000010; };
		AA000011 /* LabyrinthViewModel.swift in Sources */ = {isa = PBXBuildFile; fileRef = AB000011; };
		AA000012 /* GameViewModel.swift in Sources */ = {isa = PBXBuildFile; fileRef = AB000012; };
		AA000013 /* OnboardingView.swift in Sources */ = {isa = PBXBuildFile; fileRef = AB000013; };
		AA000014 /* LabyrinthListView.swift in Sources */ = {isa = PBXBuildFile; fileRef = AB000014; };
		AA000015 /* DrawingCanvas.swift in Sources */ = {isa = PBXBuildFile; fileRef = AB000015; };
		AA000016 /* CompletionView.swift in Sources */ = {isa = PBXBuildFile; fileRef = AB000016; };
		AA000017 /* PaywallView.swift in Sources */ = {isa = PBXBuildFile; fileRef = AB000017; };
		AA000018 /* SubscriptionManager.swift in Sources */ = {isa = PBXBuildFile; fileRef = AB000018; };
		AA000019 /* NavigationControls.swift in Sources */ = {isa = PBXBuildFile; fileRef = AB000019; };
		AA000020 /* LabyrinthGameView.swift in Sources */ = {isa = PBXBuildFile; fileRef = AB000020; };
		AA000021 /* LabyrinthGridView.swift in Sources */ = {isa = PBXBuildFile; fileRef = AB000021; };
		AA000022 /* CharacterMarkerView.swift in Sources */ = {isa = PBXBuildFile; fileRef = AB000022; };
		AA200001 /* denny_001.json in Resources */ = {isa = PBXBuildFile; fileRef = AC200001; };
		AA200002 /* denny_002.json in Resources */ = {isa = PBXBuildFile; fileRef = AC200002; };
		AA200003 /* denny_003.json in Resources */ = {isa = PBXBuildFile; fileRef = AC200003; };
		AA200004 /* denny_004.json in Resources */ = {isa = PBXBuildFile; fileRef = AC200004; };
		AA200005 /* denny_005.json in Resources */ = {isa = PBXBuildFile; fileRef = AC200005; };
		AA200006 /* denny_006.json in Resources */ = {isa = PBXBuildFile; fileRef = AC200006; };
		AA200007 /* denny_007.json in Resources */ = {isa = PBXBuildFile; fileRef = AC200007; };
		AA200008 /* denny_008.json in Resources */ = {isa = PBXBuildFile; fileRef = AC200008; };
		AA200009 /* denny_009.json in Resources */ = {isa = PBXBuildFile; fileRef = AC200009; };
		AA200010 /* denny_010.json in Resources */ = {isa = PBXBuildFile; fileRef = AC200010; };
		AA200011 /* denny_011.json in Resources */ = {isa = PBXBuildFile; fileRef = AC200011; };
		AA200012 /* denny_012.json in Resources */ = {isa = PBXBuildFile; fileRef = AC200012; };
		AA200013 /* denny_013.json in Resources */ = {isa = PBXBuildFile; fileRef = AC200013; };
		AA200014 /* denny_014.json in Resources */ = {isa = PBXBuildFile; fileRef = AC200014; };
		AA200015 /* denny_015.json in Resources */ = {isa = PBXBuildFile; fileRef = AC200015; };
		AA200016 /* denny_016.json in Resources */ = {isa = PBXBuildFile; fileRef = AC200016; };
		AA200017 /* denny_017.json in Resources */ = {isa = PBXBuildFile; fileRef = AC200017; };
		AA200018 /* denny_018.json in Resources */ = {isa = PBXBuildFile; fileRef = AC200018; };
		AA200019 /* denny_019.json in Resources */ = {isa = PBXBuildFile; fileRef = AC200019; };
		AA200020 /* denny_020.json in Resources */ = {isa = PBXBuildFile; fileRef = AC200020; };
		AA100031 /* manifest.json in Resources */ = {isa = PBXBuildFile; fileRef = AC100031; };
/* End PBXBuildFile section */

/* Begin PBXFileReference section */
		AB000000 /* LowDopamineLabyrinth.app */ = {isa = PBXFileReference; explicitFileType = wrapper.application; includeInIndex = 0; path = LowDopamineLabyrinth.app; sourceTree = BUILT_PRODUCTS_DIR; };
		AB000001 /* LowDopamineLabyrinthApp.swift */ = {isa = PBXFileReference; lastKnownFileType = sourcecode.swift; path = LowDopamineLabyrinthApp.swift; sourceTree = "<group>"; };
		AB000002 /* ContentView.swift */ = {isa = PBXFileReference; lastKnownFileType = sourcecode.swift; path = ContentView.swift; sourceTree = "<group>"; };
		AB000003 /* Assets.xcassets */ = {isa = PBXFileReference; lastKnownFileType = folder.assetcatalog; path = Assets.xcassets; sourceTree = "<group>"; };
		AB000004 /* Labyrinth.swift */ = {isa = PBXFileReference; lastKnownFileType = sourcecode.swift; path = Labyrinth.swift; sourceTree = "<group>"; };
		AB000005 /* UserPreferences.swift */ = {isa = PBXFileReference; lastKnownFileType = sourcecode.swift; path = UserPreferences.swift; sourceTree = "<group>"; };
		AB000006 /* SVGPathParser.swift */ = {isa = PBXFileReference; lastKnownFileType = sourcecode.swift; path = SVGPathParser.swift; sourceTree = "<group>"; };
		AB000007 /* LabyrinthLoader.swift */ = {isa = PBXFileReference; lastKnownFileType = sourcecode.swift; path = LabyrinthLoader.swift; sourceTree = "<group>"; };
		AB000008 /* TTSService.swift */ = {isa = PBXFileReference; lastKnownFileType = sourcecode.swift; path = TTSService.swift; sourceTree = "<group>"; };
		AB000009 /* DrawingValidator.swift */ = {isa = PBXFileReference; lastKnownFileType = sourcecode.swift; path = DrawingValidator.swift; sourceTree = "<group>"; };
		AB000010 /* ProgressTracker.swift */ = {isa = PBXFileReference; lastKnownFileType = sourcecode.swift; path = ProgressTracker.swift; sourceTree = "<group>"; };
		AB000011 /* LabyrinthViewModel.swift */ = {isa = PBXFileReference; lastKnownFileType = sourcecode.swift; path = LabyrinthViewModel.swift; sourceTree = "<group>"; };
		AB000012 /* GameViewModel.swift */ = {isa = PBXFileReference; lastKnownFileType = sourcecode.swift; path = GameViewModel.swift; sourceTree = "<group>"; };
		AB000013 /* OnboardingView.swift */ = {isa = PBXFileReference; lastKnownFileType = sourcecode.swift; path = OnboardingView.swift; sourceTree = "<group>"; };
		AB000014 /* LabyrinthListView.swift */ = {isa = PBXFileReference; lastKnownFileType = sourcecode.swift; path = LabyrinthListView.swift; sourceTree = "<group>"; };
		AB000015 /* DrawingCanvas.swift */ = {isa = PBXFileReference; lastKnownFileType = sourcecode.swift; path = DrawingCanvas.swift; sourceTree = "<group>"; };
		AB000016 /* CompletionView.swift */ = {isa = PBXFileReference; lastKnownFileType = sourcecode.swift; path = CompletionView.swift; sourceTree = "<group>"; };
		AB000017 /* PaywallView.swift */ = {isa = PBXFileReference; lastKnownFileType = sourcecode.swift; path = PaywallView.swift; sourceTree = "<group>"; };
		AB000018 /* SubscriptionManager.swift */ = {isa = PBXFileReference; lastKnownFileType = sourcecode.swift; path = SubscriptionManager.swift; sourceTree = "<group>"; };
		AB000019 /* NavigationControls.swift */ = {isa = PBXFileReference; lastKnownFileType = sourcecode.swift; path = NavigationControls.swift; sourceTree = "<group>"; };
		AB000020 /* LabyrinthGameView.swift */ = {isa = PBXFileReference; lastKnownFileType = sourcecode.swift; path = LabyrinthGameView.swift; sourceTree = "<group>"; };
		AB000021 /* LabyrinthGridView.swift */ = {isa = PBXFileReference; lastKnownFileType = sourcecode.swift; path = LabyrinthGridView.swift; sourceTree = "<group>"; };
		AB000022 /* CharacterMarkerView.swift */ = {isa = PBXFileReference; lastKnownFileType = sourcecode.swift; path = CharacterMarkerView.swift; sourceTree = "<group>"; };
		AC200001 /* denny_001.json */ = {isa = PBXFileReference; lastKnownFileType = text.json; path = denny_001.json; sourceTree = "<group>"; };
		AC200002 /* denny_002.json */ = {isa = PBXFileReference; lastKnownFileType = text.json; path = denny_002.json; sourceTree = "<group>"; };
		AC200003 /* denny_003.json */ = {isa = PBXFileReference; lastKnownFileType = text.json; path = denny_003.json; sourceTree = "<group>"; };
		AC200004 /* denny_004.json */ = {isa = PBXFileReference; lastKnownFileType = text.json; path = denny_004.json; sourceTree = "<group>"; };
		AC200005 /* denny_005.json */ = {isa = PBXFileReference; lastKnownFileType = text.json; path = denny_005.json; sourceTree = "<group>"; };
		AC200006 /* denny_006.json */ = {isa = PBXFileReference; lastKnownFileType = text.json; path = denny_006.json; sourceTree = "<group>"; };
		AC200007 /* denny_007.json */ = {isa = PBXFileReference; lastKnownFileType = text.json; path = denny_007.json; sourceTree = "<group>"; };
		AC200008 /* denny_008.json */ = {isa = PBXFileReference; lastKnownFileType = text.json; path = denny_008.json; sourceTree = "<group>"; };
		AC200009 /* denny_009.json */ = {isa = PBXFileReference; lastKnownFileType = text.json; path = denny_009.json; sourceTree = "<group>"; };
		AC200010 /* denny_010.json */ = {isa = PBXFileReference; lastKnownFileType = text.json; path = denny_010.json; sourceTree = "<group>"; };
		AC200011 /* denny_011.json */ = {isa = PBXFileReference; lastKnownFileType = text.json; path = denny_011.json; sourceTree = "<group>"; };
		AC200012 /* denny_012.json */ = {isa = PBXFileReference; lastKnownFileType = text.json; path = denny_012.json; sourceTree = "<group>"; };
		AC200013 /* denny_013.json */ = {isa = PBXFileReference; lastKnownFileType = text.json; path = denny_013.json; sourceTree = "<group>"; };
		AC200014 /* denny_014.json */ = {isa = PBXFileReference; lastKnownFileType = text.json; path = denny_014.json; sourceTree = "<group>"; };
		AC200015 /* denny_015.json */ = {isa = PBXFileReference; lastKnownFileType = text.json; path = denny_015.json; sourceTree = "<group>"; };
		AC200016 /* denny_016.json */ = {isa = PBXFileReference; lastKnownFileType = text.json; path = denny_016.json; sourceTree = "<group>"; };
		AC200017 /* denny_017.json */ = {isa = PBXFileReference; lastKnownFileType = text.json; path = denny_017.json; sourceTree = "<group>"; };
		AC200018 /* denny_018.json */ = {isa = PBXFileReference; lastKnownFileType = text.json; path = denny_018.json; sourceTree = "<group>"; };
		AC200019 /* denny_019.json */ = {isa = PBXFileReference; lastKnownFileType = text.json; path = denny_019.json; sourceTree = "<group>"; };
		AC200020 /* denny_020.json */ = {isa = PBXFileReference; lastKnownFileType = text.json; path = denny_020.json; sourceTree = "<group>"; };
		AC100031 /* manifest.json */ = {isa = PBXFileReference; lastKnownFileType = text.json; path = manifest.json; sourceTree = "<group>"; };
/* End PBXFileReference section */

/* Begin PBXFrameworksBuildPhase section */
		AD000001 /* Frameworks */ = {
			isa = PBXFrameworksBuildPhase;
			buildActionMask = 2147483647;
			files = (
			);
			runOnlyForDeploymentPostprocessing = 0;
		};
/* End PBXFrameworksBuildPhase section */

/* Begin PBXGroup section */
		AE000000 /* root */ = {
			isa = PBXGroup;
			children = (
				AE000001 /* LowDopamineLabyrinth */,
				AE000099 /* Products */,
			);
			sourceTree = "<group>";
		};
		AE000099 /* Products */ = {
			isa = PBXGroup;
			children = (
				AB000000 /* LowDopamineLabyrinth.app */,
			);
			name = Products;
			sourceTree = "<group>";
		};
		AE000001 /* LowDopamineLabyrinth */ = {
			isa = PBXGroup;
			children = (
				AB000001 /* LowDopamineLabyrinthApp.swift */,
				AB000002 /* ContentView.swift */,
				AE000002 /* Models */,
				AE000003 /* Views */,
				AE000004 /* ViewModels */,
				AE000005 /* Services */,
				AE000006 /* Utilities */,
				AE000007 /* Resources */,
				AB000003 /* Assets.xcassets */,
			);
			path = LowDopamineLabyrinth;
			sourceTree = "<group>";
		};
		AE000002 /* Models */ = {
			isa = PBXGroup;
			children = (
				AB000004 /* Labyrinth.swift */,
				AB000005 /* UserPreferences.swift */,
			);
			path = Models;
			sourceTree = "<group>";
		};
		AE000003 /* Views */ = {
			isa = PBXGroup;
			children = (
				AB000013 /* OnboardingView.swift */,
				AB000014 /* LabyrinthListView.swift */,
				AB000020 /* LabyrinthGameView.swift */,
				AB000021 /* LabyrinthGridView.swift */,
				AB000015 /* DrawingCanvas.swift */,
				AB000019 /* NavigationControls.swift */,
				AB000016 /* CompletionView.swift */,
				AB000017 /* PaywallView.swift */,
				AB000022 /* CharacterMarkerView.swift */,
			);
			path = Views;
			sourceTree = "<group>";
		};
		AE000004 /* ViewModels */ = {
			isa = PBXGroup;
			children = (
				AB000011 /* LabyrinthViewModel.swift */,
				AB000012 /* GameViewModel.swift */,
			);
			path = ViewModels;
			sourceTree = "<group>";
		};
		AE000005 /* Services */ = {
			isa = PBXGroup;
			children = (
				AB000007 /* LabyrinthLoader.swift */,
				AB000008 /* TTSService.swift */,
				AB000009 /* DrawingValidator.swift */,
				AB000010 /* ProgressTracker.swift */,
				AB000018 /* SubscriptionManager.swift */,
			);
			path = Services;
			sourceTree = "<group>";
		};
		AE000006 /* Utilities */ = {
			isa = PBXGroup;
			children = (
				AB000006 /* SVGPathParser.swift */,
			);
			path = Utilities;
			sourceTree = "<group>";
		};
		AE000007 /* Resources */ = {
			isa = PBXGroup;
			children = (
				AE000008 /* Labyrinths */,
			);
			path = Resources;
			sourceTree = "<group>";
		};
		AE000008 /* Labyrinths */ = {
			isa = PBXGroup;
			children = (
				AC200001 /* denny_001.json */,
				AC200002 /* denny_002.json */,
				AC200003 /* denny_003.json */,
				AC200004 /* denny_004.json */,
				AC200005 /* denny_005.json */,
				AC200006 /* denny_006.json */,
				AC200007 /* denny_007.json */,
				AC200008 /* denny_008.json */,
				AC200009 /* denny_009.json */,
				AC200010 /* denny_010.json */,
				AC200011 /* denny_011.json */,
				AC200012 /* denny_012.json */,
				AC200013 /* denny_013.json */,
				AC200014 /* denny_014.json */,
				AC200015 /* denny_015.json */,
				AC200016 /* denny_016.json */,
				AC200017 /* denny_017.json */,
				AC200018 /* denny_018.json */,
				AC200019 /* denny_019.json */,
				AC200020 /* denny_020.json */,
				AC100031 /* manifest.json */,
			);
			path = Labyrinths;
			sourceTree = "<group>";
		};
/* End PBXGroup section */

/* Begin PBXNativeTarget section */
		AF000001 /* LowDopamineLabyrinth */ = {
			isa = PBXNativeTarget;
			buildConfigurationList = AF000010 /* Build configuration list for PBXNativeTarget "LowDopamineLabyrinth" */;
			buildPhases = (
				AF000002 /* Sources */,
				AD000001 /* Frameworks */,
				AF000003 /* Resources */,
			);
			buildRules = (
			);
			dependencies = (
			);
			name = LowDopamineLabyrinth;
			productName = LowDopamineLabyrinth;
			productReference = AB000000 /* LowDopamineLabyrinth.app */;
			productType = "com.apple.product-type.application";
		};
/* End PBXNativeTarget section */

/* Begin PBXProject section */
		AF000000 /* Project object */ = {
			isa = PBXProject;
			attributes = {
				BuildIndependentTargetsInParallel = 1;
				LastSwiftUpdateCheck = 1500;
				LastUpgradeCheck = 1500;
				TargetAttributes = {
					AF000001 = {
						CreatedOnToolsVersion = 15.0;
					};
				};
			};
			buildConfigurationList = AF000020 /* Build configuration list for PBXProject "LowDopamineLabyrinth" */;
			compatibilityVersion = "Xcode 14.0";
			developmentRegion = en;
			hasScannedForEncodings = 0;
			knownRegions = (
				en,
				Base,
			);
			mainGroup = AE000000;
			productRefGroup = AE000099 /* Products */;
			projectDirPath = "";
			projectRoot = "";
			targets = (
				AF000001 /* LowDopamineLabyrinth */,
			);
		};
/* End PBXProject section */

/* Begin PBXResourcesBuildPhase section */
		AF000003 /* Resources */ = {
			isa = PBXResourcesBuildPhase;
			buildActionMask = 2147483647;
			files = (
				AA000003 /* Assets.xcassets in Resources */,
				AA200001 /* denny_001.json in Resources */,
				AA200002 /* denny_002.json in Resources */,
				AA200003 /* denny_003.json in Resources */,
				AA200004 /* denny_004.json in Resources */,
				AA200005 /* denny_005.json in Resources */,
				AA200006 /* denny_006.json in Resources */,
				AA200007 /* denny_007.json in Resources */,
				AA200008 /* denny_008.json in Resources */,
				AA200009 /* denny_009.json in Resources */,
				AA200010 /* denny_010.json in Resources */,
				AA200011 /* denny_011.json in Resources */,
				AA200012 /* denny_012.json in Resources */,
				AA200013 /* denny_013.json in Resources */,
				AA200014 /* denny_014.json in Resources */,
				AA200015 /* denny_015.json in Resources */,
				AA200016 /* denny_016.json in Resources */,
				AA200017 /* denny_017.json in Resources */,
				AA200018 /* denny_018.json in Resources */,
				AA200019 /* denny_019.json in Resources */,
				AA200020 /* denny_020.json in Resources */,
				AA100031 /* manifest.json in Resources */,
			);
			runOnlyForDeploymentPostprocessing = 0;
		};
/* End PBXResourcesBuildPhase section */

/* Begin PBXSourcesBuildPhase section */
		AF000002 /* Sources */ = {
			isa = PBXSourcesBuildPhase;
			buildActionMask = 2147483647;
			files = (
				AA000001 /* LowDopamineLabyrinthApp.swift in Sources */,
				AA000002 /* ContentView.swift in Sources */,
				AA000004 /* Labyrinth.swift in Sources */,
				AA000005 /* UserPreferences.swift in Sources */,
				AA000006 /* SVGPathParser.swift in Sources */,
				AA000007 /* LabyrinthLoader.swift in Sources */,
				AA000008 /* TTSService.swift in Sources */,
				AA000009 /* DrawingValidator.swift in Sources */,
				AA000010 /* ProgressTracker.swift in Sources */,
				AA000011 /* LabyrinthViewModel.swift in Sources */,
				AA000012 /* GameViewModel.swift in Sources */,
				AA000013 /* OnboardingView.swift in Sources */,
				AA000014 /* LabyrinthListView.swift in Sources */,
				AA000015 /* DrawingCanvas.swift in Sources */,
				AA000016 /* CompletionView.swift in Sources */,
				AA000017 /* PaywallView.swift in Sources */,
				AA000018 /* SubscriptionManager.swift in Sources */,
				AA000019 /* NavigationControls.swift in Sources */,
				AA000020 /* LabyrinthGameView.swift in Sources */,
				AA000021 /* LabyrinthGridView.swift in Sources */,
				AA000022 /* CharacterMarkerView.swift in Sources */,
			);
			runOnlyForDeploymentPostprocessing = 0;
		};
/* End PBXSourcesBuildPhase section */

/* Begin XCBuildConfiguration section */
		AF000011 /* Debug */ = {
			isa = XCBuildConfiguration;
			buildSettings = {
				ASSETCATALOG_COMPILER_APPICON_NAME = AppIcon;
				ASSETCATALOG_COMPILER_GLOBAL_ACCENT_COLOR_NAME = AccentColor;
				CODE_SIGN_STYLE = Automatic;
				CURRENT_PROJECT_VERSION = 1;
				DEVELOPMENT_TEAM = "";
				GENERATE_INFOPLIST_FILE = YES;
				INFOPLIST_KEY_CFBundleDisplayName = "Low Dopamine Labyrinth";
				INFOPLIST_KEY_UIApplicationSceneManifest_Generation = YES;
				INFOPLIST_KEY_UIApplicationSupportsIndirectInputEvents = YES;
				INFOPLIST_KEY_UILaunchScreen_Generation = YES;
				INFOPLIST_KEY_UISupportedInterfaceOrientations = UIInterfaceOrientationPortrait;
				INFOPLIST_KEY_UISupportedInterfaceOrientations_iPad = "UIInterfaceOrientationPortrait UIInterfaceOrientationPortraitUpsideDown UIInterfaceOrientationLandscapeLeft UIInterfaceOrientationLandscapeRight";
				LD_RUNPATH_SEARCH_PATHS = (
					"$(inherited)",
					"@executable_path/Frameworks",
				);
				MARKETING_VERSION = 1.0;
				PRODUCT_BUNDLE_IDENTIFIER = com.lowdopamine.labyrinth;
				PRODUCT_NAME = "$(TARGET_NAME)";
				SWIFT_EMIT_LOC_STRINGS = YES;
				SWIFT_VERSION = 5.0;
				TARGETED_DEVICE_FAMILY = "1,2";
				IPHONEOS_DEPLOYMENT_TARGET = 15.0;
			};
			name = Debug;
		};
		AF000012 /* Release */ = {
			isa = XCBuildConfiguration;
			buildSettings = {
				ASSETCATALOG_COMPILER_APPICON_NAME = AppIcon;
				ASSETCATALOG_COMPILER_GLOBAL_ACCENT_COLOR_NAME = AccentColor;
				CODE_SIGN_STYLE = Automatic;
				CURRENT_PROJECT_VERSION = 1;
				DEVELOPMENT_TEAM = "";
				GENERATE_INFOPLIST_FILE = YES;
				INFOPLIST_KEY_CFBundleDisplayName = "Low Dopamine Labyrinth";
				INFOPLIST_KEY_UIApplicationSceneManifest_Generation = YES;
				INFOPLIST_KEY_UIApplicationSupportsIndirectInputEvents = YES;
				INFOPLIST_KEY_UILaunchScreen_Generation = YES;
				INFOPLIST_KEY_UISupportedInterfaceOrientations = UIInterfaceOrientationPortrait;
				INFOPLIST_KEY_UISupportedInterfaceOrientations_iPad = "UIInterfaceOrientationPortrait UIInterfaceOrientationPortraitUpsideDown UIInterfaceOrientationLandscapeLeft UIInterfaceOrientationLandscapeRight";
				LD_RUNPATH_SEARCH_PATHS = (
					"$(inherited)",
					"@executable_path/Frameworks",
				);
				MARKETING_VERSION = 1.0;
				PRODUCT_BUNDLE_IDENTIFIER = com.lowdopamine.labyrinth;
				PRODUCT_NAME = "$(TARGET_NAME)";
				SWIFT_EMIT_LOC_STRINGS = YES;
				SWIFT_VERSION = 5.0;
				TARGETED_DEVICE_FAMILY = "1,2";
				IPHONEOS_DEPLOYMENT_TARGET = 15.0;
			};
			name = Release;
		};
		AF000021 /* Debug */ = {
			isa = XCBuildConfiguration;
			buildSettings = {
				ALWAYS_SEARCH_USER_PATHS = NO;
				ASSETCATALOG_COMPILER_GENERATE_SWIFT_ASSET_SYMBOL_EXTENSIONS = YES;
				CLANG_ANALYZER_NONNULL = YES;
				CLANG_ANALYZER_NUMBER_OBJECT_CONVERSION = YES_AGGRESSIVE;
				CLANG_CXX_LANGUAGE_STANDARD = "gnu++20";
				CLANG_ENABLE_MODULES = YES;
				CLANG_ENABLE_OBJC_ARC = YES;
				CLANG_ENABLE_OBJC_WEAK = YES;
				CLANG_WARN_BLOCK_CAPTURE_AUTORELEASING = YES;
				CLANG_WARN_BOOL_CONVERSION = YES;
				CLANG_WARN_COMMA = YES;
				CLANG_WARN_CONSTANT_CONVERSION = YES;
				CLANG_WARN_DEPRECATED_OBJC_IMPLEMENTATIONS = YES;
				CLANG_WARN_DIRECT_OBJC_ISA_USAGE = YES_ERROR;
				CLANG_WARN_DOCUMENTATION_COMMENTS = YES;
				CLANG_WARN_EMPTY_BODY = YES;
				CLANG_WARN_ENUM_CONVERSION = YES;
				CLANG_WARN_INFINITE_RECURSION = YES;
				CLANG_WARN_INT_CONVERSION = YES;
				CLANG_WARN_NON_LITERAL_NULL_CONVERSION = YES;
				CLANG_WARN_OBJC_IMPLICIT_RETAIN_SELF = YES;
				CLANG_WARN_OBJC_LITERAL_CONVERSION = YES;
				CLANG_WARN_OBJC_ROOT_CLASS = YES_ERROR;
				CLANG_WARN_QUOTED_INCLUDE_IN_FRAMEWORK_HEADER = YES;
				CLANG_WARN_RANGE_LOOP_ANALYSIS = YES;
				CLANG_WARN_STRICT_PROTOTYPES = YES;
				CLANG_WARN_SUSPICIOUS_MOVE = YES;
				CLANG_WARN_UNGUARDED_AVAILABILITY = YES_AGGRESSIVE;
				CLANG_WARN_UNREACHABLE_CODE = YES;
				CLANG_WARN__DUPLICATE_METHOD_MATCH = YES;
				COPY_PHASE_STRIP = NO;
				DEBUG_INFORMATION_FORMAT = dwarf;
				ENABLE_STRICT_OBJC_MSGSEND = YES;
				ENABLE_TESTABILITY = YES;
				ENABLE_USER_SCRIPT_SANDBOXING = YES;
				GCC_C_LANGUAGE_STANDARD = gnu17;
				GCC_DYNAMIC_NO_PIC = NO;
				GCC_NO_COMMON_BLOCKS = YES;
				GCC_OPTIMIZATION_LEVEL = 0;
				GCC_PREPROCESSOR_DEFINITIONS = (
					"DEBUG=1",
					"$(inherited)",
				);
				GCC_WARN_64_TO_32_BIT_CONVERSION = YES;
				GCC_WARN_ABOUT_RETURN_TYPE = YES_ERROR;
				GCC_WARN_UNDECLARED_SELECTOR = YES;
				GCC_WARN_UNINITIALIZED_AUTOS = YES_AGGRESSIVE;
				GCC_WARN_UNUSED_FUNCTION = YES;
				GCC_WARN_UNUSED_VARIABLE = YES;
				IPHONEOS_DEPLOYMENT_TARGET = 15.0;
				LOCALIZATION_PREFERS_STRING_CATALOGS = YES;
				MTL_ENABLE_DEBUG_INFO = INCLUDE_SOURCE;
				MTL_FAST_MATH = YES;
				ONLY_ACTIVE_ARCH = YES;
				SDKROOT = iphoneos;
				SWIFT_ACTIVE_COMPILATION_CONDITIONS = "DEBUG $(inherited)";
				SWIFT_OPTIMIZATION_LEVEL = "-Onone";
			};
			name = Debug;
		};
		AF000022 /* Release */ = {
			isa = XCBuildConfiguration;
			buildSettings = {
				ALWAYS_SEARCH_USER_PATHS = NO;
				ASSETCATALOG_COMPILER_GENERATE_SWIFT_ASSET_SYMBOL_EXTENSIONS = YES;
				CLANG_ANALYZER_NONNULL = YES;
				CLANG_ANALYZER_NUMBER_OBJECT_CONVERSION = YES_AGGRESSIVE;
				CLANG_CXX_LANGUAGE_STANDARD = "gnu++20";
				CLANG_ENABLE_MODULES = YES;
				CLANG_ENABLE_OBJC_ARC = YES;
				CLANG_ENABLE_OBJC_WEAK = YES;
				CLANG_WARN_BLOCK_CAPTURE_AUTORELEASING = YES;
				CLANG_WARN_BOOL_CONVERSION = YES;
				CLANG_WARN_COMMA = YES;
				CLANG_WARN_CONSTANT_CONVERSION = YES;
				CLANG_WARN_DEPRECATED_OBJC_IMPLEMENTATIONS = YES;
				CLANG_WARN_DIRECT_OBJC_ISA_USAGE = YES_ERROR;
				CLANG_WARN_DOCUMENTATION_COMMENTS = YES;
				CLANG_WARN_EMPTY_BODY = YES;
				CLANG_WARN_ENUM_CONVERSION = YES;
				CLANG_WARN_INFINITE_RECURSION = YES;
				CLANG_WARN_INT_CONVERSION = YES;
				CLANG_WARN_NON_LITERAL_NULL_CONVERSION = YES;
				CLANG_WARN_OBJC_IMPLICIT_RETAIN_SELF = YES;
				CLANG_WARN_OBJC_LITERAL_CONVERSION = YES;
				CLANG_WARN_OBJC_ROOT_CLASS = YES_ERROR;
				CLANG_WARN_QUOTED_INCLUDE_IN_FRAMEWORK_HEADER = YES;
				CLANG_WARN_RANGE_LOOP_ANALYSIS = YES;
				CLANG_WARN_STRICT_PROTOTYPES = YES;
				CLANG_WARN_SUSPICIOUS_MOVE = YES;
				CLANG_WARN_UNGUARDED_AVAILABILITY = YES_AGGRESSIVE;
				CLANG_WARN_UNREACHABLE_CODE = YES;
				CLANG_WARN__DUPLICATE_METHOD_MATCH = YES;
				COPY_PHASE_STRIP = NO;
				DEBUG_INFORMATION_FORMAT = "dwarf-with-dsym";
				ENABLE_NS_ASSERTIONS = NO;
				ENABLE_STRICT_OBJC_MSGSEND = YES;
				ENABLE_USER_SCRIPT_SANDBOXING = YES;
				GCC_C_LANGUAGE_STANDARD = gnu17;
				GCC_NO_COMMON_BLOCKS = YES;
				GCC_WARN_64_TO_32_BIT_CONVERSION = YES;
				GCC_WARN_ABOUT_RETURN_TYPE = YES_ERROR;
				GCC_WARN_UNDECLARED_SELECTOR = YES;
				GCC_WARN_UNINITIALIZED_AUTOS = YES_AGGRESSIVE;
				GCC_WARN_UNUSED_FUNCTION = YES;
				GCC_WARN_UNUSED_VARIABLE = YES;
				IPHONEOS_DEPLOYMENT_TARGET = 15.0;
				LOCALIZATION_PREFERS_STRING_CATALOGS = YES;
				MTL_ENABLE_DEBUG_INFO = NO;
				MTL_FAST_MATH = YES;
				SDKROOT = iphoneos;
				SWIFT_COMPILATION_MODE = wholemodule;
				VALIDATE_PRODUCT = YES;
			};
			name = Release;
		};
/* End XCBuildConfiguration section */

/* Begin XCConfigurationList section */
		AF000010 /* Build configuration list for PBXNativeTarget "LowDopamineLabyrinth" */ = {
			isa = XCConfigurationList;
			buildConfigurations = (
				AF000011 /* Debug */,
				AF000012 /* Release */,
			);
			defaultConfigurationIsVisible = 0;
			defaultConfigurationName = Release;
		};
		AF000020 /* Build configuration list for PBXProject "LowDopamineLabyrinth" */ = {
			isa = XCConfigurationList;
			buildConfigurations = (
				AF000021 /* Debug */,
				AF000022 /* Release */,
			);
			defaultConfigurationIsVisible = 0;
			defaultConfigurationName = Release;
		};
/* End XCConfigurationList section */

	};
	rootObject = AF000000 /* Project object */;
}
